// !$*UTF8*$!
{
	archiveVersion = 1;
	classes = {
	};
	objectVersion = 46;
	objects = {

/* Begin PBXBuildFile section */
		01223E08E2BE41079AE59475 /* libPods.a in Frameworks */ = {isa = PBXBuildFile; fileRef = 492D5A926DA44A1CB233ACF4 /* libPods.a */; };
		3F0633C615A0F68F00C64697 /* Localizable.strings in Resources */ = {isa = PBXBuildFile; fileRef = 3F0633C415A0F68F00C64697 /* Localizable.strings */; };
		3F10AECB15449CAD00A62596 /* iAd.framework in Frameworks */ = {isa = PBXBuildFile; fileRef = 3F10AECA15449CAD00A62596 /* iAd.framework */; };
		3F1190891698909F00A9E922 /* AudioToolbox.framework in Frameworks */ = {isa = PBXBuildFile; fileRef = 3F1190881698909F00A9E922 /* AudioToolbox.framework */; };
		3F15EB181539989B009996DD /* Settings.bundle in Resources */ = {isa = PBXBuildFile; fileRef = 3F15EB171539989B009996DD /* Settings.bundle */; };
		3F23287B17385405005DBF58 /* AwesomeMenu.m in Sources */ = {isa = PBXBuildFile; fileRef = 3F23287817385405005DBF58 /* AwesomeMenu.m */; };
		3F23287C17385405005DBF58 /* AwesomeMenuItem.m in Sources */ = {isa = PBXBuildFile; fileRef = 3F23287A17385405005DBF58 /* AwesomeMenuItem.m */; };
		3F23289017385439005DBF58 /* bg-menuitem-highlighted.png in Resources */ = {isa = PBXBuildFile; fileRef = 3F23288217385439005DBF58 /* bg-menuitem-highlighted.png */; };
		3F23289117385439005DBF58 /* bg-menuitem-highlighted@2x.png in Resources */ = {isa = PBXBuildFile; fileRef = 3F23288317385439005DBF58 /* bg-menuitem-highlighted@2x.png */; };
		3F23289217385439005DBF58 /* bg-menuitem.png in Resources */ = {isa = PBXBuildFile; fileRef = 3F23288417385439005DBF58 /* bg-menuitem.png */; };
		3F23289317385439005DBF58 /* bg-menuitem@2x.png in Resources */ = {isa = PBXBuildFile; fileRef = 3F23288517385439005DBF58 /* bg-menuitem@2x.png */; };
		3F23289417385439005DBF58 /* icon-plus-highlighted.png in Resources */ = {isa = PBXBuildFile; fileRef = 3F23288617385439005DBF58 /* icon-plus-highlighted.png */; };
		3F23289517385439005DBF58 /* icon-plus-highlighted@2x.png in Resources */ = {isa = PBXBuildFile; fileRef = 3F23288717385439005DBF58 /* icon-plus-highlighted@2x.png */; };
		3F23289C173854A9005DBF58 /* MORootController.m in Sources */ = {isa = PBXBuildFile; fileRef = 3F23289B173854A9005DBF58 /* MORootController.m */; };
		3F23289D1738610E005DBF58 /* MONavigationController.m in Sources */ = {isa = PBXBuildFile; fileRef = 3F27F92B16937EE000E51C5C /* MONavigationController.m */; };
		3F2328A1173861A6005DBF58 /* PullRefreshTableViewController.m in Sources */ = {isa = PBXBuildFile; fileRef = 3F2328A0173861A6005DBF58 /* PullRefreshTableViewController.m */; };
		3F2328A61739A4B7005DBF58 /* MOSubscriptionViewController.m in Sources */ = {isa = PBXBuildFile; fileRef = 3F2328A51739A4B4005DBF58 /* MOSubscriptionViewController.m */; };
		3F2328A91739AD45005DBF58 /* MOSubscriptionDocument.m in Sources */ = {isa = PBXBuildFile; fileRef = 3F1F303416B87B870098A368 /* MOSubscriptionDocument.m */; };
		3F2328AA1739B28F005DBF58 /* MOSubscriptionManagementViewController.m in Sources */ = {isa = PBXBuildFile; fileRef = 3FE0BF8416CADB260077AE90 /* MOSubscriptionManagementViewController.m */; };
		3F24EC261517D36500EB9922 /* CoreData.framework in Frameworks */ = {isa = PBXBuildFile; fileRef = 3F24EC251517D36500EB9922 /* CoreData.framework */; };
		3F24EC301517D6D200EB9922 /* Signet.m in Sources */ = {isa = PBXBuildFile; fileRef = 3F24EC2F1517D6D200EB9922 /* Signet.m */; };
		3F24EC3A1517E92400EB9922 /* Book.m in Sources */ = {isa = PBXBuildFile; fileRef = 3F24EC391517E92400EB9922 /* Book.m */; };
		3F2DC8141511536E00C370C8 /* NSDate.m in Sources */ = {isa = PBXBuildFile; fileRef = 3F2DC8131511536E00C370C8 /* NSDate.m */; };
		3F33532616E2399C00D50208 /* Default-Portrait@2x~ipad.png in Resources */ = {isa = PBXBuildFile; fileRef = 3F33532216E2399C00D50208 /* Default-Portrait@2x~ipad.png */; };
		3F33532716E2399C00D50208 /* Default-Portrait~ipad.png in Resources */ = {isa = PBXBuildFile; fileRef = 3F33532316E2399C00D50208 /* Default-Portrait~ipad.png */; };
		3F33533516E23B0B00D50208 /* Default-Landscape~ipad.png in Resources */ = {isa = PBXBuildFile; fileRef = 3F33533316E23B0B00D50208 /* Default-Landscape~ipad.png */; };
		3F33533616E23B0B00D50208 /* Default-Landscape@2x~ipad.png in Resources */ = {isa = PBXBuildFile; fileRef = 3F33533416E23B0B00D50208 /* Default-Landscape@2x~ipad.png */; };
		3F397EA614E82DDF00EFCC2B /* UIKit.framework in Frameworks */ = {isa = PBXBuildFile; fileRef = 3F397EA514E82DDF00EFCC2B /* UIKit.framework */; };
		3F397EA814E82DDF00EFCC2B /* Foundation.framework in Frameworks */ = {isa = PBXBuildFile; fileRef = 3F397EA714E82DDF00EFCC2B /* Foundation.framework */; };
		3F397EAA14E82DDF00EFCC2B /* CoreGraphics.framework in Frameworks */ = {isa = PBXBuildFile; fileRef = 3F397EA914E82DDF00EFCC2B /* CoreGraphics.framework */; };
		3F397EB214E82DDF00EFCC2B /* main.m in Sources */ = {isa = PBXBuildFile; fileRef = 3F397EB114E82DDF00EFCC2B /* main.m */; };
		3F397EB614E82DDF00EFCC2B /* MOAppDelegate.m in Sources */ = {isa = PBXBuildFile; fileRef = 3F397EB514E82DDF00EFCC2B /* MOAppDelegate.m */; };
		3F397F0014E8380C00EFCC2B /* QuartzCore.framework in Frameworks */ = {isa = PBXBuildFile; fileRef = 3F397EFF14E8380C00EFCC2B /* QuartzCore.framework */; };
		3F48A43A162770780013ACCB /* NothingYouCouldDo.ttf in Resources */ = {isa = PBXBuildFile; fileRef = 3F48A439162770780013ACCB /* NothingYouCouldDo.ttf */; };
		3F48A43E1627744A0013ACCB /* NothingYouCouldDoBold.ttf in Resources */ = {isa = PBXBuildFile; fileRef = 3F48A43C162773ED0013ACCB /* NothingYouCouldDoBold.ttf */; };
		3F63BC0614E888790073E7DC /* arrow.png in Resources */ = {isa = PBXBuildFile; fileRef = 3F63BC0514E888790073E7DC /* arrow.png */; };
		3F7BF3DC17233B71007E692F /* MOIncrementalStore.m in Sources */ = {isa = PBXBuildFile; fileRef = 3F7BF3DB17233B71007E692F /* MOIncrementalStore.m */; };
		3F7BF3E2172363C8007E692F /* MOBookViewController.m in Sources */ = {isa = PBXBuildFile; fileRef = 3F7BF3DE172340B6007E692F /* MOBookViewController.m */; };
		3F7BF3E31725EEA5007E692F /* MOViewCell.m in Sources */ = {isa = PBXBuildFile; fileRef = 3F138DB91523AFC200982DA2 /* MOViewCell.m */; };
		3F878A1415D060A3003E6835 /* MOAPIClient.m in Sources */ = {isa = PBXBuildFile; fileRef = 3F878A1315D060A3003E6835 /* MOAPIClient.m */; };
		3F98C28815711954001A8572 /* MessageUI.framework in Frameworks */ = {isa = PBXBuildFile; fileRef = 3F98C28715711954001A8572 /* MessageUI.framework */; };
		3F9B270E1739C11700A01680 /* icon-home.png in Resources */ = {isa = PBXBuildFile; fileRef = 3F9B27041739C11700A01680 /* icon-home.png */; };
		3F9B27101739C11700A01680 /* icon-setting.png in Resources */ = {isa = PBXBuildFile; fileRef = 3F9B27061739C11700A01680 /* icon-setting.png */; };
		3F9B27111739C11700A01680 /* icon-home@2x.png in Resources */ = {isa = PBXBuildFile; fileRef = 3F9B27071739C11700A01680 /* icon-home@2x.png */; };
		3F9B27151739C11700A01680 /* icon-setting@2x.png in Resources */ = {isa = PBXBuildFile; fileRef = 3F9B270B1739C11700A01680 /* icon-setting@2x.png */; };
		3F9B27211739C4BC00A01680 /* icon-future@2x.png in Resources */ = {isa = PBXBuildFile; fileRef = 3F9B27201739C4BC00A01680 /* icon-future@2x.png */; };
		3F9B27271739C5E000A01680 /* icon-signet@2x.png in Resources */ = {isa = PBXBuildFile; fileRef = 3F9B27261739C5E000A01680 /* icon-signet@2x.png */; };
		3F9B27291739C65700A01680 /* icon-list@2x.png in Resources */ = {isa = PBXBuildFile; fileRef = 3F9B27281739C65700A01680 /* icon-list@2x.png */; };
		3F9B272D1739C6E000A01680 /* icon-signet.png in Resources */ = {isa = PBXBuildFile; fileRef = 3F9B272A1739C6E000A01680 /* icon-signet.png */; };
		3F9B272E1739C6E000A01680 /* icon-future.png in Resources */ = {isa = PBXBuildFile; fileRef = 3F9B272B1739C6E000A01680 /* icon-future.png */; };
		3F9B272F1739C6E000A01680 /* icon-list.png in Resources */ = {isa = PBXBuildFile; fileRef = 3F9B272C1739C6E000A01680 /* icon-list.png */; };
		3F9B27351739C8DF00A01680 /* icon-new.png in Resources */ = {isa = PBXBuildFile; fileRef = 3F9B27341739C8DF00A01680 /* icon-new.png */; };
		3F9B27371739C90700A01680 /* icon-new@2x.png in Resources */ = {isa = PBXBuildFile; fileRef = 3F9B27361739C90700A01680 /* icon-new@2x.png */; };
		3F9B273B1739CFA200A01680 /* bg-addbutton@2x.png in Resources */ = {isa = PBXBuildFile; fileRef = 3F9B273A1739CFA200A01680 /* bg-addbutton@2x.png */; };
		3F9B273E1739D11D00A01680 /* bg-addbutton-highlighted.png in Resources */ = {isa = PBXBuildFile; fileRef = 3F9B273C1739D11D00A01680 /* bg-addbutton-highlighted.png */; };
		3F9B273F1739D11D00A01680 /* bg-addbutton-highlighted@2x.png in Resources */ = {isa = PBXBuildFile; fileRef = 3F9B273D1739D11D00A01680 /* bg-addbutton-highlighted@2x.png */; };
		3F9B27411739D17000A01680 /* bg-addbutton.png in Resources */ = {isa = PBXBuildFile; fileRef = 3F9B27401739D17000A01680 /* bg-addbutton.png */; };
		3F9B27441739D21900A01680 /* icon-plus.png in Resources */ = {isa = PBXBuildFile; fileRef = 3F9B27421739D21800A01680 /* icon-plus.png */; };
		3F9B27451739D21900A01680 /* icon-plus@2x.png in Resources */ = {isa = PBXBuildFile; fileRef = 3F9B27431739D21800A01680 /* icon-plus@2x.png */; };
		3F9B274D1739D3AF00A01680 /* BarBackground.png in Resources */ = {isa = PBXBuildFile; fileRef = 3F9B274C1739D3AF00A01680 /* BarBackground.png */; };
		3F9B2754173AF68200A01680 /* bt-search@2x.png in Resources */ = {isa = PBXBuildFile; fileRef = 3F9B2752173AF68200A01680 /* bt-search@2x.png */; };
		3F9B2755173AF68200A01680 /* bt-search.png in Resources */ = {isa = PBXBuildFile; fileRef = 3F9B2753173AF68200A01680 /* bt-search.png */; };
		3F9B2758173AF6EC00A01680 /* bt-plus@2x.png in Resources */ = {isa = PBXBuildFile; fileRef = 3F9B2756173AF6EC00A01680 /* bt-plus@2x.png */; };
		3F9B2759173AF6EC00A01680 /* bt-plus.png in Resources */ = {isa = PBXBuildFile; fileRef = 3F9B2757173AF6EC00A01680 /* bt-plus.png */; };
		3F9B275C173AF96F00A01680 /* bt-back@2x.png in Resources */ = {isa = PBXBuildFile; fileRef = 3F9B275A173AF96F00A01680 /* bt-back@2x.png */; };
		3F9B275D173AF96F00A01680 /* bt-back.png in Resources */ = {isa = PBXBuildFile; fileRef = 3F9B275B173AF96F00A01680 /* bt-back.png */; };
		3F9B2762173AFE7100A01680 /* icn@2x~ipad.png in Resources */ = {isa = PBXBuildFile; fileRef = 3F9B275E173AFE7100A01680 /* icn@2x~ipad.png */; };
		3F9B2763173AFE7100A01680 /* icn~ipad.png in Resources */ = {isa = PBXBuildFile; fileRef = 3F9B275F173AFE7100A01680 /* icn~ipad.png */; };
		3F9B2764173AFE7100A01680 /* icn@2x.png in Resources */ = {isa = PBXBuildFile; fileRef = 3F9B2760173AFE7100A01680 /* icn@2x.png */; };
		3F9B2765173AFE7100A01680 /* icn.png in Resources */ = {isa = PBXBuildFile; fileRef = 3F9B2761173AFE7100A01680 /* icn.png */; };
		3F9B2772173B074300A01680 /* MOSignetViewController.m in Sources */ = {isa = PBXBuildFile; fileRef = 3F9B2771173B074200A01680 /* MOSignetViewController.m */; };
		3F9B2778173B0C1500A01680 /* MOHomeViewController.m in Sources */ = {isa = PBXBuildFile; fileRef = 3F9B2777173B0C1400A01680 /* MOHomeViewController.m */; };
		3F9B278A17404FCC00A01680 /* icon-sms@2x.png in Resources */ = {isa = PBXBuildFile; fileRef = 3F9B278917404FCB00A01680 /* icon-sms@2x.png */; };
		3F9B278D1740501900A01680 /* icon-sms.png in Resources */ = {isa = PBXBuildFile; fileRef = 3F9B278B1740501600A01680 /* icon-sms.png */; };
		3F9B27971740512300A01680 /* icon-fb.png in Resources */ = {isa = PBXBuildFile; fileRef = 3F9B278F1740511700A01680 /* icon-fb.png */; };
		3F9B27981740512300A01680 /* icon-fb@2x.png in Resources */ = {isa = PBXBuildFile; fileRef = 3F9B27901740511800A01680 /* icon-fb@2x.png */; };
		3F9B27991740512300A01680 /* icon-twitter@2x.png in Resources */ = {isa = PBXBuildFile; fileRef = 3F9B27911740511A00A01680 /* icon-twitter@2x.png */; };
		3F9B279A1740512300A01680 /* icon-twitter.png in Resources */ = {isa = PBXBuildFile; fileRef = 3F9B27921740511B00A01680 /* icon-twitter.png */; };
		3F9B279B1740512300A01680 /* icon-g+@2x.png in Resources */ = {isa = PBXBuildFile; fileRef = 3F9B27931740511D00A01680 /* icon-g+@2x.png */; };
		3F9B279C1740512300A01680 /* icon-g+.png in Resources */ = {isa = PBXBuildFile; fileRef = 3F9B27941740511E00A01680 /* icon-g+.png */; };
		3F9B279D1740512300A01680 /* icon-mail@2x.png in Resources */ = {isa = PBXBuildFile; fileRef = 3F9B27951740512000A01680 /* icon-mail@2x.png */; };
		3F9B279E1740512300A01680 /* icon-mail.png in Resources */ = {isa = PBXBuildFile; fileRef = 3F9B27961740512100A01680 /* icon-mail.png */; };
		3F9B27A8174054B900A01680 /* bg-menuitem-fb@2x.png in Resources */ = {isa = PBXBuildFile; fileRef = 3F9B27A7174054B000A01680 /* bg-menuitem-fb@2x.png */; };
		3F9B27AA1740557300A01680 /* bg-menuitem-highlighted-fb@2x.png in Resources */ = {isa = PBXBuildFile; fileRef = 3F9B27A91740557200A01680 /* bg-menuitem-highlighted-fb@2x.png */; };
		3F9B27AD1740566F00A01680 /* bg-menuitem-highlighted-twitter@2x.png in Resources */ = {isa = PBXBuildFile; fileRef = 3F9B27AB1740566B00A01680 /* bg-menuitem-highlighted-twitter@2x.png */; };
		3F9B27AE1740566F00A01680 /* bg-menuitem-twitter@2x.png in Resources */ = {isa = PBXBuildFile; fileRef = 3F9B27AC1740566D00A01680 /* bg-menuitem-twitter@2x.png */; };
		3F9B27B1174057BF00A01680 /* bg-menuitem-highlighted-g+@2x.png in Resources */ = {isa = PBXBuildFile; fileRef = 3F9B27AF174057BC00A01680 /* bg-menuitem-highlighted-g+@2x.png */; };
		3F9B27B2174057BF00A01680 /* bg-menuitem-g+@2x.png in Resources */ = {isa = PBXBuildFile; fileRef = 3F9B27B0174057BE00A01680 /* bg-menuitem-g+@2x.png */; };
		3F9B27B51740588800A01680 /* bg-menuitem-sms@2x.png in Resources */ = {isa = PBXBuildFile; fileRef = 3F9B27B31740588500A01680 /* bg-menuitem-sms@2x.png */; };
		3F9B27B61740588800A01680 /* bg-menuitem-highlighted-sms@2x.png in Resources */ = {isa = PBXBuildFile; fileRef = 3F9B27B41740588700A01680 /* bg-menuitem-highlighted-sms@2x.png */; };
		3F9B27B91740599100A01680 /* bg-menuitem-highlighted-mail@2x.png in Resources */ = {isa = PBXBuildFile; fileRef = 3F9B27B71740598E00A01680 /* bg-menuitem-highlighted-mail@2x.png */; };
		3F9B27BA1740599100A01680 /* bg-menuitem-mail@2x.png in Resources */ = {isa = PBXBuildFile; fileRef = 3F9B27B81740599000A01680 /* bg-menuitem-mail@2x.png */; };
		3F9B27C517405AB700A01680 /* bg-menuitem-highlighted-mail.png in Resources */ = {isa = PBXBuildFile; fileRef = 3F9B27BB17405AA400A01680 /* bg-menuitem-highlighted-mail.png */; };
		3F9B27C617405AB700A01680 /* bg-menuitem-mail.png in Resources */ = {isa = PBXBuildFile; fileRef = 3F9B27BC17405AA500A01680 /* bg-menuitem-mail.png */; };
		3F9B27C717405AB700A01680 /* bg-menuitem-sms.png in Resources */ = {isa = PBXBuildFile; fileRef = 3F9B27BD17405AA700A01680 /* bg-menuitem-sms.png */; };
		3F9B27C817405AB700A01680 /* bg-menuitem-highlighted-sms.png in Resources */ = {isa = PBXBuildFile; fileRef = 3F9B27BE17405AA900A01680 /* bg-menuitem-highlighted-sms.png */; };
		3F9B27C917405AB700A01680 /* bg-menuitem-highlighted-g+.png in Resources */ = {isa = PBXBuildFile; fileRef = 3F9B27BF17405AAA00A01680 /* bg-menuitem-highlighted-g+.png */; };
		3F9B27CA17405AB700A01680 /* bg-menuitem-g+.png in Resources */ = {isa = PBXBuildFile; fileRef = 3F9B27C017405AAC00A01680 /* bg-menuitem-g+.png */; };
		3F9B27CB17405AB700A01680 /* bg-menuitem-twitter.png in Resources */ = {isa = PBXBuildFile; fileRef = 3F9B27C117405AAD00A01680 /* bg-menuitem-twitter.png */; };
		3F9B27CC17405AB700A01680 /* bg-menuitem-highlighted-twitter.png in Resources */ = {isa = PBXBuildFile; fileRef = 3F9B27C217405AB000A01680 /* bg-menuitem-highlighted-twitter.png */; };
		3F9B27CD17405AB700A01680 /* bg-menuitem-highlighted-fb.png in Resources */ = {isa = PBXBuildFile; fileRef = 3F9B27C317405AB100A01680 /* bg-menuitem-highlighted-fb.png */; };
		3F9B27CE17405AB700A01680 /* bg-menuitem-fb.png in Resources */ = {isa = PBXBuildFile; fileRef = 3F9B27C417405AB200A01680 /* bg-menuitem-fb.png */; };
		3F9B27D1174187B500A01680 /* icon-share@2x.png in Resources */ = {isa = PBXBuildFile; fileRef = 3F9B27CF174187B000A01680 /* icon-share@2x.png */; };
		3F9B27D2174187B500A01680 /* icon-share.png in Resources */ = {isa = PBXBuildFile; fileRef = 3F9B27D0174187B200A01680 /* icon-share.png */; };
		3F9B27D5174188D700A01680 /* icon-share-highlighted@2x.png in Resources */ = {isa = PBXBuildFile; fileRef = 3F9B27D3174188D300A01680 /* icon-share-highlighted@2x.png */; };
		3F9B27D6174188D700A01680 /* icon-share-highlighted.png in Resources */ = {isa = PBXBuildFile; fileRef = 3F9B27D4174188D500A01680 /* icon-share-highlighted.png */; };
		3F9B27D917418B9B00A01680 /* MOViewDetail.m in Sources */ = {isa = PBXBuildFile; fileRef = 3F9B27D817418B9B00A01680 /* MOViewDetail.m */; };
		3F9B27E01741A07C00A01680 /* bg-addbutton-share@2x.png in Resources */ = {isa = PBXBuildFile; fileRef = 3F9B27DE1741A07900A01680 /* bg-addbutton-share@2x.png */; };
		3F9B27E11741A07C00A01680 /* bg-addbutton-share.png in Resources */ = {isa = PBXBuildFile; fileRef = 3F9B27DF1741A07B00A01680 /* bg-addbutton-share.png */; };
		3F9B27E31742E65400A01680 /* Twitter.framework in Frameworks */ = {isa = PBXBuildFile; fileRef = 3F9B27E21742E65200A01680 /* Twitter.framework */; };
		3F9B27E51742E66200A01680 /* Social.framework in Frameworks */ = {isa = PBXBuildFile; fileRef = 3F9B27E41742E65F00A01680 /* Social.framework */; };
		3FB0A065162AD7910099E437 /* Default-568h@2x.png in Resources */ = {isa = PBXBuildFile; fileRef = 3FB0A062162AD7910099E437 /* Default-568h@2x.png */; };
		3FB0A066162AD7910099E437 /* Default.png in Resources */ = {isa = PBXBuildFile; fileRef = 3FB0A063162AD7910099E437 /* Default.png */; };
		3FB0A067162AD7910099E437 /* Default@2x.png in Resources */ = {isa = PBXBuildFile; fileRef = 3FB0A064162AD7910099E437 /* Default@2x.png */; };
		3FC1B4AC152CDDC200409091 /* manga-out.xcdatamodeld in Sources */ = {isa = PBXBuildFile; fileRef = 3FC1B4AA152CDDC200409091 /* manga-out.xcdatamodeld */; };
		3FDF505A172F255500E7DCD3 /* MODetailViewController.m in Sources */ = {isa = PBXBuildFile; fileRef = 3F67D59615211C8200B7F6AA /* MODetailViewController.m */; };
		3FEAB961162CB94700770B43 /* Placeholder@2x.png in Resources */ = {isa = PBXBuildFile; fileRef = 3FEAB95F162CB94700770B43 /* Placeholder@2x.png */; };
		3FEAB962162CB94700770B43 /* Placeholder.png in Resources */ = {isa = PBXBuildFile; fileRef = 3FEAB960162CB94700770B43 /* Placeholder.png */; };
		3FFC25EC174D782D00187DC0 /* MigrationV2.xcmappingmodel in Sources */ = {isa = PBXBuildFile; fileRef = 3FFC25EB174D782D00187DC0 /* MigrationV2.xcmappingmodel */; };
		3FFC25EE174D793500187DC0 /* MigrationV1.xcmappingmodel in Sources */ = {isa = PBXBuildFile; fileRef = 3FFC25ED174D793500187DC0 /* MigrationV1.xcmappingmodel */; };
		3FFF644616E6951D00CE7BA1 /* SystemConfiguration.framework in Frameworks */ = {isa = PBXBuildFile; fileRef = 3FFF644516E6951D00CE7BA1 /* SystemConfiguration.framework */; };
/* End PBXBuildFile section */

/* Begin PBXFileReference section */
		3F0633C515A0F68F00C64697 /* en */ = {isa = PBXFileReference; lastKnownFileType = text.plist.strings; name = en; path = en.lproj/Localizable.strings; sourceTree = "<group>"; };
		3F0633C715A0F97D00C64697 /* fr */ = {isa = PBXFileReference; lastKnownFileType = text.plist.strings; name = fr; path = fr.lproj/Localizable.strings; sourceTree = "<group>"; };
		3F081CE514FACD1800635C00 /* MOBooks.h */ = {isa = PBXFileReference; fileEncoding = 4; lastKnownFileType = sourcecode.c.h; path = MOBooks.h; sourceTree = "<group>"; };
		3F081CE614FACD1800635C00 /* MOBooks.m */ = {isa = PBXFileReference; fileEncoding = 4; lastKnownFileType = sourcecode.c.objc; path = MOBooks.m; sourceTree = "<group>"; };
		3F10AECA15449CAD00A62596 /* iAd.framework */ = {isa = PBXFileReference; lastKnownFileType = wrapper.framework; name = iAd.framework; path = System/Library/Frameworks/iAd.framework; sourceTree = SDKROOT; };
		3F1190881698909F00A9E922 /* AudioToolbox.framework */ = {isa = PBXFileReference; lastKnownFileType = wrapper.framework; name = AudioToolbox.framework; path = System/Library/Frameworks/AudioToolbox.framework; sourceTree = SDKROOT; };
		3F138DB81523AFC200982DA2 /* MOViewCell.h */ = {isa = PBXFileReference; fileEncoding = 4; lastKnownFileType = sourcecode.c.h; path = MOViewCell.h; sourceTree = "<group>"; };
		3F138DB91523AFC200982DA2 /* MOViewCell.m */ = {isa = PBXFileReference; fileEncoding = 4; lastKnownFileType = sourcecode.c.objc; path = MOViewCell.m; sourceTree = "<group>"; };
		3F15EB141539811B009996DD /* MONotifications.h */ = {isa = PBXFileReference; fileEncoding = 4; lastKnownFileType = sourcecode.c.h; path = MONotifications.h; sourceTree = "<group>"; };
		3F15EB151539811B009996DD /* MONotifications.m */ = {isa = PBXFileReference; fileEncoding = 4; lastKnownFileType = sourcecode.c.objc; path = MONotifications.m; sourceTree = "<group>"; };
		3F15EB171539989B009996DD /* Settings.bundle */ = {isa = PBXFileReference; lastKnownFileType = "wrapper.plug-in"; path = Settings.bundle; sourceTree = "<group>"; };
		3F1F303316B87B870098A368 /* MOSubscriptionDocument.h */ = {isa = PBXFileReference; fileEncoding = 4; lastKnownFileType = sourcecode.c.h; path = MOSubscriptionDocument.h; sourceTree = "<group>"; };
		3F1F303416B87B870098A368 /* MOSubscriptionDocument.m */ = {isa = PBXFileReference; fileEncoding = 4; lastKnownFileType = sourcecode.c.objc; path = MOSubscriptionDocument.m; sourceTree = "<group>"; };
		3F23287717385405005DBF58 /* AwesomeMenu.h */ = {isa = PBXFileReference; fileEncoding = 4; lastKnownFileType = sourcecode.c.h; path = AwesomeMenu.h; sourceTree = "<group>"; };
		3F23287817385405005DBF58 /* AwesomeMenu.m */ = {isa = PBXFileReference; fileEncoding = 4; lastKnownFileType = sourcecode.c.objc; path = AwesomeMenu.m; sourceTree = "<group>"; };
		3F23287917385405005DBF58 /* AwesomeMenuItem.h */ = {isa = PBXFileReference; fileEncoding = 4; lastKnownFileType = sourcecode.c.h; path = AwesomeMenuItem.h; sourceTree = "<group>"; };
		3F23287A17385405005DBF58 /* AwesomeMenuItem.m */ = {isa = PBXFileReference; fileEncoding = 4; lastKnownFileType = sourcecode.c.objc; path = AwesomeMenuItem.m; sourceTree = "<group>"; };
		3F23288217385439005DBF58 /* bg-menuitem-highlighted.png */ = {isa = PBXFileReference; lastKnownFileType = image.png; path = "bg-menuitem-highlighted.png"; sourceTree = "<group>"; };
		3F23288317385439005DBF58 /* bg-menuitem-highlighted@2x.png */ = {isa = PBXFileReference; lastKnownFileType = image.png; path = "bg-menuitem-highlighted@2x.png"; sourceTree = "<group>"; };
		3F23288417385439005DBF58 /* bg-menuitem.png */ = {isa = PBXFileReference; lastKnownFileType = image.png; path = "bg-menuitem.png"; sourceTree = "<group>"; };
		3F23288517385439005DBF58 /* bg-menuitem@2x.png */ = {isa = PBXFileReference; lastKnownFileType = image.png; path = "bg-menuitem@2x.png"; sourceTree = "<group>"; };
		3F23288617385439005DBF58 /* icon-plus-highlighted.png */ = {isa = PBXFileReference; lastKnownFileType = image.png; path = "icon-plus-highlighted.png"; sourceTree = "<group>"; };
		3F23288717385439005DBF58 /* icon-plus-highlighted@2x.png */ = {isa = PBXFileReference; lastKnownFileType = image.png; path = "icon-plus-highlighted@2x.png"; sourceTree = "<group>"; };
		3F23289A173854A9005DBF58 /* MORootController.h */ = {isa = PBXFileReference; fileEncoding = 4; lastKnownFileType = sourcecode.c.h; path = MORootController.h; sourceTree = "<group>"; };
		3F23289B173854A9005DBF58 /* MORootController.m */ = {isa = PBXFileReference; fileEncoding = 4; lastKnownFileType = sourcecode.c.objc; path = MORootController.m; sourceTree = "<group>"; };
		3F23289F173861A6005DBF58 /* PullRefreshTableViewController.h */ = {isa = PBXFileReference; fileEncoding = 4; lastKnownFileType = sourcecode.c.h; name = PullRefreshTableViewController.h; path = submodules/PullToRefresh/Classes/PullRefreshTableViewController.h; sourceTree = SOURCE_ROOT; };
		3F2328A0173861A6005DBF58 /* PullRefreshTableViewController.m */ = {isa = PBXFileReference; fileEncoding = 4; lastKnownFileType = sourcecode.c.objc; name = PullRefreshTableViewController.m; path = submodules/PullToRefresh/Classes/PullRefreshTableViewController.m; sourceTree = SOURCE_ROOT; };
		3F2328A41739A4B3005DBF58 /* MOSubscriptionViewController.h */ = {isa = PBXFileReference; fileEncoding = 4; lastKnownFileType = sourcecode.c.h; path = MOSubscriptionViewController.h; sourceTree = "<group>"; };
		3F2328A51739A4B4005DBF58 /* MOSubscriptionViewController.m */ = {isa = PBXFileReference; fileEncoding = 4; lastKnownFileType = sourcecode.c.objc; path = MOSubscriptionViewController.m; sourceTree = "<group>"; };
		3F24EC251517D36500EB9922 /* CoreData.framework */ = {isa = PBXFileReference; lastKnownFileType = wrapper.framework; name = CoreData.framework; path = System/Library/Frameworks/CoreData.framework; sourceTree = SDKROOT; };
		3F24EC2E1517D6D200EB9922 /* Signet.h */ = {isa = PBXFileReference; fileEncoding = 4; lastKnownFileType = sourcecode.c.h; path = Signet.h; sourceTree = "<group>"; };
		3F24EC2F1517D6D200EB9922 /* Signet.m */ = {isa = PBXFileReference; fileEncoding = 4; lastKnownFileType = sourcecode.c.objc; path = Signet.m; sourceTree = "<group>"; };
		3F24EC381517E92400EB9922 /* Book.h */ = {isa = PBXFileReference; fileEncoding = 4; lastKnownFileType = sourcecode.c.h; path = Book.h; sourceTree = "<group>"; };
		3F24EC391517E92400EB9922 /* Book.m */ = {isa = PBXFileReference; fileEncoding = 4; lastKnownFileType = sourcecode.c.objc; path = Book.m; sourceTree = "<group>"; };
		3F27F92A16937EE000E51C5C /* MONavigationController.h */ = {isa = PBXFileReference; fileEncoding = 4; lastKnownFileType = sourcecode.c.h; path = MONavigationController.h; sourceTree = "<group>"; };
		3F27F92B16937EE000E51C5C /* MONavigationController.m */ = {isa = PBXFileReference; fileEncoding = 4; lastKnownFileType = sourcecode.c.objc; path = MONavigationController.m; sourceTree = "<group>"; };
		3F2DC8121511536E00C370C8 /* NSDate.h */ = {isa = PBXFileReference; fileEncoding = 4; lastKnownFileType = sourcecode.c.h; name = NSDate.h; path = "Manga Out/NSDate.h"; sourceTree = "<group>"; };
		3F2DC8131511536E00C370C8 /* NSDate.m */ = {isa = PBXFileReference; fileEncoding = 4; lastKnownFileType = sourcecode.c.objc; name = NSDate.m; path = "Manga Out/NSDate.m"; sourceTree = "<group>"; };
		3F33532216E2399C00D50208 /* Default-Portrait@2x~ipad.png */ = {isa = PBXFileReference; lastKnownFileType = image.png; path = "Default-Portrait@2x~ipad.png"; sourceTree = "<group>"; };
		3F33532316E2399C00D50208 /* Default-Portrait~ipad.png */ = {isa = PBXFileReference; lastKnownFileType = image.png; path = "Default-Portrait~ipad.png"; sourceTree = "<group>"; };
		3F33533316E23B0B00D50208 /* Default-Landscape~ipad.png */ = {isa = PBXFileReference; lastKnownFileType = image.png; path = "Default-Landscape~ipad.png"; sourceTree = "<group>"; };
		3F33533416E23B0B00D50208 /* Default-Landscape@2x~ipad.png */ = {isa = PBXFileReference; lastKnownFileType = image.png; path = "Default-Landscape@2x~ipad.png"; sourceTree = "<group>"; };
		3F397EA114E82DDF00EFCC2B /* Manga Next.app */ = {isa = PBXFileReference; explicitFileType = wrapper.application; includeInIndex = 0; path = "Manga Next.app"; sourceTree = BUILT_PRODUCTS_DIR; };
		3F397EA514E82DDF00EFCC2B /* UIKit.framework */ = {isa = PBXFileReference; lastKnownFileType = wrapper.framework; name = UIKit.framework; path = System/Library/Frameworks/UIKit.framework; sourceTree = SDKROOT; };
		3F397EA714E82DDF00EFCC2B /* Foundation.framework */ = {isa = PBXFileReference; lastKnownFileType = wrapper.framework; name = Foundation.framework; path = System/Library/Frameworks/Foundation.framework; sourceTree = SDKROOT; };
		3F397EA914E82DDF00EFCC2B /* CoreGraphics.framework */ = {isa = PBXFileReference; lastKnownFileType = wrapper.framework; name = CoreGraphics.framework; path = System/Library/Frameworks/CoreGraphics.framework; sourceTree = SDKROOT; };
		3F397EAD14E82DDF00EFCC2B /* Manga Next-Info.plist */ = {isa = PBXFileReference; lastKnownFileType = text.plist.xml; path = "Manga Next-Info.plist"; sourceTree = "<group>"; };
		3F397EB114E82DDF00EFCC2B /* main.m */ = {isa = PBXFileReference; lastKnownFileType = sourcecode.c.objc; path = main.m; sourceTree = "<group>"; };
		3F397EB314E82DDF00EFCC2B /* Manga Next-Prefix.pch */ = {isa = PBXFileReference; lastKnownFileType = sourcecode.c.h; path = "Manga Next-Prefix.pch"; sourceTree = "<group>"; };
		3F397EB414E82DDF00EFCC2B /* MOAppDelegate.h */ = {isa = PBXFileReference; lastKnownFileType = sourcecode.c.h; path = MOAppDelegate.h; sourceTree = "<group>"; };
		3F397EB514E82DDF00EFCC2B /* MOAppDelegate.m */ = {isa = PBXFileReference; lastKnownFileType = sourcecode.c.objc; path = MOAppDelegate.m; sourceTree = "<group>"; };
		3F397EF014E8316000EFCC2B /* MOTableViewController.h */ = {isa = PBXFileReference; fileEncoding = 4; lastKnownFileType = sourcecode.c.h; path = MOTableViewController.h; sourceTree = "<group>"; };
		3F397EF114E8316000EFCC2B /* MOTableViewController.m */ = {isa = PBXFileReference; fileEncoding = 4; lastKnownFileType = sourcecode.c.objc; path = MOTableViewController.m; sourceTree = "<group>"; };
		3F397EFF14E8380C00EFCC2B /* QuartzCore.framework */ = {isa = PBXFileReference; lastKnownFileType = wrapper.framework; name = QuartzCore.framework; path = System/Library/Frameworks/QuartzCore.framework; sourceTree = SDKROOT; };
		3F397F1D14E8716500EFCC2B /* _MONavivationViewController.h */ = {isa = PBXFileReference; fileEncoding = 4; lastKnownFileType = sourcecode.c.h; path = _MONavivationViewController.h; sourceTree = "<group>"; };
		3F397F1E14E8716500EFCC2B /* _MONavivationViewController.m */ = {isa = PBXFileReference; fileEncoding = 4; lastKnownFileType = sourcecode.c.objc; path = _MONavivationViewController.m; sourceTree = "<group>"; };
		3F48A439162770780013ACCB /* NothingYouCouldDo.ttf */ = {isa = PBXFileReference; lastKnownFileType = file; path = NothingYouCouldDo.ttf; sourceTree = "<group>"; };
		3F48A43C162773ED0013ACCB /* NothingYouCouldDoBold.ttf */ = {isa = PBXFileReference; lastKnownFileType = file; path = NothingYouCouldDoBold.ttf; sourceTree = "<group>"; };
		3F5E6B7C169E106B00DFDA69 /* Manga Next.entitlements */ = {isa = PBXFileReference; lastKnownFileType = text.xml; path = "Manga Next.entitlements"; sourceTree = SOURCE_ROOT; };
		3F6112DF150575A8005F4863 /* MOThumbnailDownloader.h */ = {isa = PBXFileReference; fileEncoding = 4; lastKnownFileType = sourcecode.c.h; path = MOThumbnailDownloader.h; sourceTree = "<group>"; };
		3F6112E0150575A8005F4863 /* MOThumbnailDownloader.m */ = {isa = PBXFileReference; fileEncoding = 4; lastKnownFileType = sourcecode.c.objc; path = MOThumbnailDownloader.m; sourceTree = "<group>"; };
		3F629D2016C98A5D003786E1 /* _MOSubscriptionViewController.h */ = {isa = PBXFileReference; fileEncoding = 4; lastKnownFileType = sourcecode.c.h; path = _MOSubscriptionViewController.h; sourceTree = "<group>"; };
		3F629D2116C98A5D003786E1 /* _MOSubscriptionViewController.m */ = {isa = PBXFileReference; fileEncoding = 4; lastKnownFileType = sourcecode.c.objc; path = _MOSubscriptionViewController.m; sourceTree = "<group>"; };
		3F63BB9014E874620073E7DC /* _MORootController.h */ = {isa = PBXFileReference; fileEncoding = 4; lastKnownFileType = sourcecode.c.h; path = _MORootController.h; sourceTree = "<group>"; };
		3F63BB9114E874620073E7DC /* _MORootController.m */ = {isa = PBXFileReference; fileEncoding = 4; lastKnownFileType = sourcecode.c.objc; path = _MORootController.m; sourceTree = "<group>"; };
		3F63BC0514E888790073E7DC /* arrow.png */ = {isa = PBXFileReference; lastKnownFileType = image.png; path = arrow.png; sourceTree = "<group>"; };
		3F67D59215211BD100B7F6AA /* _MOSignetViewController.h */ = {isa = PBXFileReference; fileEncoding = 4; lastKnownFileType = sourcecode.c.h; path = _MOSignetViewController.h; sourceTree = "<group>"; };
		3F67D59315211BD200B7F6AA /* _MOSignetViewController.m */ = {isa = PBXFileReference; fileEncoding = 4; lastKnownFileType = sourcecode.c.objc; path = _MOSignetViewController.m; sourceTree = "<group>"; };
		3F67D59515211C8200B7F6AA /* MODetailViewController.h */ = {isa = PBXFileReference; fileEncoding = 4; lastKnownFileType = sourcecode.c.h; path = MODetailViewController.h; sourceTree = "<group>"; };
		3F67D59615211C8200B7F6AA /* MODetailViewController.m */ = {isa = PBXFileReference; fileEncoding = 4; lastKnownFileType = sourcecode.c.objc; path = MODetailViewController.m; sourceTree = "<group>"; usesTabs = 0; };
		3F7BF3DA17233B71007E692F /* MOIncrementalStore.h */ = {isa = PBXFileReference; fileEncoding = 4; lastKnownFileType = sourcecode.c.h; path = MOIncrementalStore.h; sourceTree = "<group>"; };
		3F7BF3DB17233B71007E692F /* MOIncrementalStore.m */ = {isa = PBXFileReference; fileEncoding = 4; lastKnownFileType = sourcecode.c.objc; path = MOIncrementalStore.m; sourceTree = "<group>"; };
		3F7BF3DD172340B6007E692F /* MOBookViewController.h */ = {isa = PBXFileReference; fileEncoding = 4; lastKnownFileType = sourcecode.c.h; path = MOBookViewController.h; sourceTree = "<group>"; };
		3F7BF3DE172340B6007E692F /* MOBookViewController.m */ = {isa = PBXFileReference; fileEncoding = 4; lastKnownFileType = sourcecode.c.objc; path = MOBookViewController.m; sourceTree = "<group>"; };
		3F878A1215D060A3003E6835 /* MOAPIClient.h */ = {isa = PBXFileReference; fileEncoding = 4; lastKnownFileType = sourcecode.c.h; path = MOAPIClient.h; sourceTree = "<group>"; };
		3F878A1315D060A3003E6835 /* MOAPIClient.m */ = {isa = PBXFileReference; fileEncoding = 4; lastKnownFileType = sourcecode.c.objc; path = MOAPIClient.m; sourceTree = "<group>"; };
		3F98C28715711954001A8572 /* MessageUI.framework */ = {isa = PBXFileReference; lastKnownFileType = wrapper.framework; name = MessageUI.framework; path = System/Library/Frameworks/MessageUI.framework; sourceTree = SDKROOT; };
		3F9B27041739C11700A01680 /* icon-home.png */ = {isa = PBXFileReference; lastKnownFileType = image.png; path = "icon-home.png"; sourceTree = "<group>"; };
		3F9B27061739C11700A01680 /* icon-setting.png */ = {isa = PBXFileReference; lastKnownFileType = image.png; path = "icon-setting.png"; sourceTree = "<group>"; };
		3F9B27071739C11700A01680 /* icon-home@2x.png */ = {isa = PBXFileReference; lastKnownFileType = image.png; path = "icon-home@2x.png"; sourceTree = "<group>"; };
		3F9B270B1739C11700A01680 /* icon-setting@2x.png */ = {isa = PBXFileReference; lastKnownFileType = image.png; path = "icon-setting@2x.png"; sourceTree = "<group>"; };
		3F9B27201739C4BC00A01680 /* icon-future@2x.png */ = {isa = PBXFileReference; lastKnownFileType = image.png; path = "icon-future@2x.png"; sourceTree = "<group>"; };
		3F9B27261739C5E000A01680 /* icon-signet@2x.png */ = {isa = PBXFileReference; lastKnownFileType = image.png; path = "icon-signet@2x.png"; sourceTree = "<group>"; };
		3F9B27281739C65700A01680 /* icon-list@2x.png */ = {isa = PBXFileReference; lastKnownFileType = image.png; path = "icon-list@2x.png"; sourceTree = "<group>"; };
		3F9B272A1739C6E000A01680 /* icon-signet.png */ = {isa = PBXFileReference; lastKnownFileType = image.png; path = "icon-signet.png"; sourceTree = "<group>"; };
		3F9B272B1739C6E000A01680 /* icon-future.png */ = {isa = PBXFileReference; lastKnownFileType = image.png; path = "icon-future.png"; sourceTree = "<group>"; };
		3F9B272C1739C6E000A01680 /* icon-list.png */ = {isa = PBXFileReference; lastKnownFileType = image.png; path = "icon-list.png"; sourceTree = "<group>"; };
		3F9B27341739C8DF00A01680 /* icon-new.png */ = {isa = PBXFileReference; lastKnownFileType = image.png; path = "icon-new.png"; sourceTree = "<group>"; };
		3F9B27361739C90700A01680 /* icon-new@2x.png */ = {isa = PBXFileReference; lastKnownFileType = image.png; path = "icon-new@2x.png"; sourceTree = "<group>"; };
		3F9B273A1739CFA200A01680 /* bg-addbutton@2x.png */ = {isa = PBXFileReference; lastKnownFileType = image.png; path = "bg-addbutton@2x.png"; sourceTree = "<group>"; };
		3F9B273C1739D11D00A01680 /* bg-addbutton-highlighted.png */ = {isa = PBXFileReference; lastKnownFileType = image.png; path = "bg-addbutton-highlighted.png"; sourceTree = "<group>"; };
		3F9B273D1739D11D00A01680 /* bg-addbutton-highlighted@2x.png */ = {isa = PBXFileReference; lastKnownFileType = image.png; path = "bg-addbutton-highlighted@2x.png"; sourceTree = "<group>"; };
		3F9B27401739D17000A01680 /* bg-addbutton.png */ = {isa = PBXFileReference; lastKnownFileType = image.png; path = "bg-addbutton.png"; sourceTree = "<group>"; };
		3F9B27421739D21800A01680 /* icon-plus.png */ = {isa = PBXFileReference; lastKnownFileType = image.png; path = "icon-plus.png"; sourceTree = "<group>"; };
		3F9B27431739D21800A01680 /* icon-plus@2x.png */ = {isa = PBXFileReference; lastKnownFileType = image.png; path = "icon-plus@2x.png"; sourceTree = "<group>"; };
		3F9B274C1739D3AF00A01680 /* BarBackground.png */ = {isa = PBXFileReference; lastKnownFileType = image.png; path = BarBackground.png; sourceTree = "<group>"; };
		3F9B2752173AF68200A01680 /* bt-search@2x.png */ = {isa = PBXFileReference; lastKnownFileType = image.png; path = "bt-search@2x.png"; sourceTree = "<group>"; };
		3F9B2753173AF68200A01680 /* bt-search.png */ = {isa = PBXFileReference; lastKnownFileType = image.png; path = "bt-search.png"; sourceTree = "<group>"; };
		3F9B2756173AF6EC00A01680 /* bt-plus@2x.png */ = {isa = PBXFileReference; lastKnownFileType = image.png; path = "bt-plus@2x.png"; sourceTree = "<group>"; };
		3F9B2757173AF6EC00A01680 /* bt-plus.png */ = {isa = PBXFileReference; lastKnownFileType = image.png; path = "bt-plus.png"; sourceTree = "<group>"; };
		3F9B275A173AF96F00A01680 /* bt-back@2x.png */ = {isa = PBXFileReference; lastKnownFileType = image.png; path = "bt-back@2x.png"; sourceTree = "<group>"; };
		3F9B275B173AF96F00A01680 /* bt-back.png */ = {isa = PBXFileReference; lastKnownFileType = image.png; path = "bt-back.png"; sourceTree = "<group>"; };
		3F9B275E173AFE7100A01680 /* icn@2x~ipad.png */ = {isa = PBXFileReference; lastKnownFileType = image.png; path = "icn@2x~ipad.png"; sourceTree = "<group>"; };
		3F9B275F173AFE7100A01680 /* icn~ipad.png */ = {isa = PBXFileReference; lastKnownFileType = image.png; path = "icn~ipad.png"; sourceTree = "<group>"; };
		3F9B2760173AFE7100A01680 /* icn@2x.png */ = {isa = PBXFileReference; lastKnownFileType = image.png; path = "icn@2x.png"; sourceTree = "<group>"; };
		3F9B2761173AFE7100A01680 /* icn.png */ = {isa = PBXFileReference; lastKnownFileType = image.png; path = icn.png; sourceTree = "<group>"; };
		3F9B2770173B074200A01680 /* MOSignetViewController.h */ = {isa = PBXFileReference; fileEncoding = 4; lastKnownFileType = sourcecode.c.h; path = MOSignetViewController.h; sourceTree = "<group>"; };
		3F9B2771173B074200A01680 /* MOSignetViewController.m */ = {isa = PBXFileReference; fileEncoding = 4; lastKnownFileType = sourcecode.c.objc; path = MOSignetViewController.m; sourceTree = "<group>"; };
		3F9B2776173B0C1400A01680 /* MOHomeViewController.h */ = {isa = PBXFileReference; fileEncoding = 4; lastKnownFileType = sourcecode.c.h; path = MOHomeViewController.h; sourceTree = "<group>"; };
		3F9B2777173B0C1400A01680 /* MOHomeViewController.m */ = {isa = PBXFileReference; fileEncoding = 4; lastKnownFileType = sourcecode.c.objc; path = MOHomeViewController.m; sourceTree = "<group>"; };
		3F9B278917404FCB00A01680 /* icon-sms@2x.png */ = {isa = PBXFileReference; lastKnownFileType = image.png; path = "icon-sms@2x.png"; sourceTree = "<group>"; };
		3F9B278B1740501600A01680 /* icon-sms.png */ = {isa = PBXFileReference; lastKnownFileType = image.png; path = "icon-sms.png"; sourceTree = "<group>"; };
		3F9B278F1740511700A01680 /* icon-fb.png */ = {isa = PBXFileReference; lastKnownFileType = image.png; path = "icon-fb.png"; sourceTree = "<group>"; };
		3F9B27901740511800A01680 /* icon-fb@2x.png */ = {isa = PBXFileReference; lastKnownFileType = image.png; path = "icon-fb@2x.png"; sourceTree = "<group>"; };
		3F9B27911740511A00A01680 /* icon-twitter@2x.png */ = {isa = PBXFileReference; lastKnownFileType = image.png; path = "icon-twitter@2x.png"; sourceTree = "<group>"; };
		3F9B27921740511B00A01680 /* icon-twitter.png */ = {isa = PBXFileReference; lastKnownFileType = image.png; path = "icon-twitter.png"; sourceTree = "<group>"; };
		3F9B27931740511D00A01680 /* icon-g+@2x.png */ = {isa = PBXFileReference; lastKnownFileType = image.png; path = "icon-g+@2x.png"; sourceTree = "<group>"; };
		3F9B27941740511E00A01680 /* icon-g+.png */ = {isa = PBXFileReference; lastKnownFileType = image.png; path = "icon-g+.png"; sourceTree = "<group>"; };
		3F9B27951740512000A01680 /* icon-mail@2x.png */ = {isa = PBXFileReference; lastKnownFileType = image.png; path = "icon-mail@2x.png"; sourceTree = "<group>"; };
		3F9B27961740512100A01680 /* icon-mail.png */ = {isa = PBXFileReference; lastKnownFileType = image.png; path = "icon-mail.png"; sourceTree = "<group>"; };
		3F9B27A7174054B000A01680 /* bg-menuitem-fb@2x.png */ = {isa = PBXFileReference; lastKnownFileType = image.png; path = "bg-menuitem-fb@2x.png"; sourceTree = "<group>"; };
		3F9B27A91740557200A01680 /* bg-menuitem-highlighted-fb@2x.png */ = {isa = PBXFileReference; lastKnownFileType = image.png; path = "bg-menuitem-highlighted-fb@2x.png"; sourceTree = "<group>"; };
		3F9B27AB1740566B00A01680 /* bg-menuitem-highlighted-twitter@2x.png */ = {isa = PBXFileReference; lastKnownFileType = image.png; path = "bg-menuitem-highlighted-twitter@2x.png"; sourceTree = "<group>"; };
		3F9B27AC1740566D00A01680 /* bg-menuitem-twitter@2x.png */ = {isa = PBXFileReference; lastKnownFileType = image.png; path = "bg-menuitem-twitter@2x.png"; sourceTree = "<group>"; };
		3F9B27AF174057BC00A01680 /* bg-menuitem-highlighted-g+@2x.png */ = {isa = PBXFileReference; lastKnownFileType = image.png; path = "bg-menuitem-highlighted-g+@2x.png"; sourceTree = "<group>"; };
		3F9B27B0174057BE00A01680 /* bg-menuitem-g+@2x.png */ = {isa = PBXFileReference; lastKnownFileType = image.png; path = "bg-menuitem-g+@2x.png"; sourceTree = "<group>"; };
		3F9B27B31740588500A01680 /* bg-menuitem-sms@2x.png */ = {isa = PBXFileReference; lastKnownFileType = image.png; path = "bg-menuitem-sms@2x.png"; sourceTree = "<group>"; };
		3F9B27B41740588700A01680 /* bg-menuitem-highlighted-sms@2x.png */ = {isa = PBXFileReference; lastKnownFileType = image.png; path = "bg-menuitem-highlighted-sms@2x.png"; sourceTree = "<group>"; };
		3F9B27B71740598E00A01680 /* bg-menuitem-highlighted-mail@2x.png */ = {isa = PBXFileReference; lastKnownFileType = image.png; path = "bg-menuitem-highlighted-mail@2x.png"; sourceTree = "<group>"; };
		3F9B27B81740599000A01680 /* bg-menuitem-mail@2x.png */ = {isa = PBXFileReference; lastKnownFileType = image.png; path = "bg-menuitem-mail@2x.png"; sourceTree = "<group>"; };
		3F9B27BB17405AA400A01680 /* bg-menuitem-highlighted-mail.png */ = {isa = PBXFileReference; lastKnownFileType = image.png; path = "bg-menuitem-highlighted-mail.png"; sourceTree = "<group>"; };
		3F9B27BC17405AA500A01680 /* bg-menuitem-mail.png */ = {isa = PBXFileReference; lastKnownFileType = image.png; path = "bg-menuitem-mail.png"; sourceTree = "<group>"; };
		3F9B27BD17405AA700A01680 /* bg-menuitem-sms.png */ = {isa = PBXFileReference; lastKnownFileType = image.png; path = "bg-menuitem-sms.png"; sourceTree = "<group>"; };
		3F9B27BE17405AA900A01680 /* bg-menuitem-highlighted-sms.png */ = {isa = PBXFileReference; lastKnownFileType = image.png; path = "bg-menuitem-highlighted-sms.png"; sourceTree = "<group>"; };
		3F9B27BF17405AAA00A01680 /* bg-menuitem-highlighted-g+.png */ = {isa = PBXFileReference; lastKnownFileType = image.png; path = "bg-menuitem-highlighted-g+.png"; sourceTree = "<group>"; };
		3F9B27C017405AAC00A01680 /* bg-menuitem-g+.png */ = {isa = PBXFileReference; lastKnownFileType = image.png; path = "bg-menuitem-g+.png"; sourceTree = "<group>"; };
		3F9B27C117405AAD00A01680 /* bg-menuitem-twitter.png */ = {isa = PBXFileReference; lastKnownFileType = image.png; path = "bg-menuitem-twitter.png"; sourceTree = "<group>"; };
		3F9B27C217405AB000A01680 /* bg-menuitem-highlighted-twitter.png */ = {isa = PBXFileReference; lastKnownFileType = image.png; path = "bg-menuitem-highlighted-twitter.png"; sourceTree = "<group>"; };
		3F9B27C317405AB100A01680 /* bg-menuitem-highlighted-fb.png */ = {isa = PBXFileReference; lastKnownFileType = image.png; path = "bg-menuitem-highlighted-fb.png"; sourceTree = "<group>"; };
		3F9B27C417405AB200A01680 /* bg-menuitem-fb.png */ = {isa = PBXFileReference; lastKnownFileType = image.png; path = "bg-menuitem-fb.png"; sourceTree = "<group>"; };
		3F9B27CF174187B000A01680 /* icon-share@2x.png */ = {isa = PBXFileReference; lastKnownFileType = image.png; path = "icon-share@2x.png"; sourceTree = "<group>"; };
		3F9B27D0174187B200A01680 /* icon-share.png */ = {isa = PBXFileReference; lastKnownFileType = image.png; path = "icon-share.png"; sourceTree = "<group>"; };
		3F9B27D3174188D300A01680 /* icon-share-highlighted@2x.png */ = {isa = PBXFileReference; lastKnownFileType = image.png; path = "icon-share-highlighted@2x.png"; sourceTree = "<group>"; };
		3F9B27D4174188D500A01680 /* icon-share-highlighted.png */ = {isa = PBXFileReference; lastKnownFileType = image.png; path = "icon-share-highlighted.png"; sourceTree = "<group>"; };
		3F9B27D717418B9B00A01680 /* MOViewDetail.h */ = {isa = PBXFileReference; fileEncoding = 4; lastKnownFileType = sourcecode.c.h; path = MOViewDetail.h; sourceTree = "<group>"; };
		3F9B27D817418B9B00A01680 /* MOViewDetail.m */ = {isa = PBXFileReference; fileEncoding = 4; lastKnownFileType = sourcecode.c.objc; path = MOViewDetail.m; sourceTree = "<group>"; };
		3F9B27DE1741A07900A01680 /* bg-addbutton-share@2x.png */ = {isa = PBXFileReference; lastKnownFileType = image.png; path = "bg-addbutton-share@2x.png"; sourceTree = "<group>"; };
		3F9B27DF1741A07B00A01680 /* bg-addbutton-share.png */ = {isa = PBXFileReference; lastKnownFileType = image.png; path = "bg-addbutton-share.png"; sourceTree = "<group>"; };
		3F9B27E21742E65200A01680 /* Twitter.framework */ = {isa = PBXFileReference; lastKnownFileType = wrapper.framework; name = Twitter.framework; path = System/Library/Frameworks/Twitter.framework; sourceTree = SDKROOT; };
		3F9B27E41742E65F00A01680 /* Social.framework */ = {isa = PBXFileReference; lastKnownFileType = wrapper.framework; name = Social.framework; path = System/Library/Frameworks/Social.framework; sourceTree = SDKROOT; };
		3FB0A062162AD7910099E437 /* Default-568h@2x.png */ = {isa = PBXFileReference; lastKnownFileType = image.png; path = "Default-568h@2x.png"; sourceTree = "<group>"; };
		3FB0A063162AD7910099E437 /* Default.png */ = {isa = PBXFileReference; lastKnownFileType = image.png; path = Default.png; sourceTree = "<group>"; };
		3FB0A064162AD7910099E437 /* Default@2x.png */ = {isa = PBXFileReference; lastKnownFileType = image.png; path = "Default@2x.png"; sourceTree = "<group>"; };
		3FC1B4AB152CDDC200409091 /* manga-out.xcdatamodel */ = {isa = PBXFileReference; lastKnownFileType = wrapper.xcdatamodel; path = "manga-out.xcdatamodel"; sourceTree = "<group>"; };
		3FDC737A1673ACE0005B17C4 /* manga-out 2.xcdatamodel */ = {isa = PBXFileReference; lastKnownFileType = wrapper.xcdatamodel; path = "manga-out 2.xcdatamodel"; sourceTree = "<group>"; };
		3FE0BF8316CADB260077AE90 /* MOSubscriptionManagementViewController.h */ = {isa = PBXFileReference; fileEncoding = 4; lastKnownFileType = sourcecode.c.h; path = MOSubscriptionManagementViewController.h; sourceTree = "<group>"; };
		3FE0BF8416CADB260077AE90 /* MOSubscriptionManagementViewController.m */ = {isa = PBXFileReference; fileEncoding = 4; lastKnownFileType = sourcecode.c.objc; path = MOSubscriptionManagementViewController.m; sourceTree = "<group>"; };
		3FEAB95F162CB94700770B43 /* Placeholder@2x.png */ = {isa = PBXFileReference; lastKnownFileType = image.png; path = "Placeholder@2x.png"; sourceTree = "<group>"; };
		3FEAB960162CB94700770B43 /* Placeholder.png */ = {isa = PBXFileReference; lastKnownFileType = image.png; path = Placeholder.png; sourceTree = "<group>"; };
		3FFC25E0174D669300187DC0 /* manga-out 3.xcdatamodel */ = {isa = PBXFileReference; lastKnownFileType = file; path = "manga-out 3.xcdatamodel"; sourceTree = "<group>"; };
		3FFC25EB174D782D00187DC0 /* MigrationV2.xcmappingmodel */ = {isa = PBXFileReference; lastKnownFileType = wrapper.xcmappingmodel; path = MigrationV2.xcmappingmodel; sourceTree = "<group>"; };
		3FFC25ED174D793500187DC0 /* MigrationV1.xcmappingmodel */ = {isa = PBXFileReference; lastKnownFileType = wrapper.xcmappingmodel; path = MigrationV1.xcmappingmodel; sourceTree = "<group>"; };
		3FFF644516E6951D00CE7BA1 /* SystemConfiguration.framework */ = {isa = PBXFileReference; lastKnownFileType = wrapper.framework; name = SystemConfiguration.framework; path = System/Library/Frameworks/SystemConfiguration.framework; sourceTree = SDKROOT; };
		492D5A926DA44A1CB233ACF4 /* libPods.a */ = {isa = PBXFileReference; explicitFileType = archive.ar; includeInIndex = 0; path = libPods.a; sourceTree = BUILT_PRODUCTS_DIR; };
		BC596122B7894B56BE047031 /* Pods.xcconfig */ = {isa = PBXFileReference; includeInIndex = 1; lastKnownFileType = text.xcconfig; name = Pods.xcconfig; path = Pods/Pods.xcconfig; sourceTree = SOURCE_ROOT; };
/* End PBXFileReference section */

/* Begin PBXFrameworksBuildPhase section */
		3F397E9E14E82DDF00EFCC2B /* Frameworks */ = {
			isa = PBXFrameworksBuildPhase;
			buildActionMask = 2147483647;
			files = (
				3F9B27E51742E66200A01680 /* Social.framework in Frameworks */,
				3F9B27E31742E65400A01680 /* Twitter.framework in Frameworks */,
				3FFF644616E6951D00CE7BA1 /* SystemConfiguration.framework in Frameworks */,
				3F1190891698909F00A9E922 /* AudioToolbox.framework in Frameworks */,
				3F98C28815711954001A8572 /* MessageUI.framework in Frameworks */,
				3F10AECB15449CAD00A62596 /* iAd.framework in Frameworks */,
				3F24EC261517D36500EB9922 /* CoreData.framework in Frameworks */,
				3F397F0014E8380C00EFCC2B /* QuartzCore.framework in Frameworks */,
				3F397EA614E82DDF00EFCC2B /* UIKit.framework in Frameworks */,
				3F397EA814E82DDF00EFCC2B /* Foundation.framework in Frameworks */,
				3F397EAA14E82DDF00EFCC2B /* CoreGraphics.framework in Frameworks */,
				01223E08E2BE41079AE59475 /* libPods.a in Frameworks */,
			);
			runOnlyForDeploymentPostprocessing = 0;
		};
/* End PBXFrameworksBuildPhase section */

/* Begin PBXGroup section */
		3F1F303216B87B4D0098A368 /* Documents */ = {
			isa = PBXGroup;
			children = (
				3F1F303316B87B870098A368 /* MOSubscriptionDocument.h */,
				3F1F303416B87B870098A368 /* MOSubscriptionDocument.m */,
			);
			name = Documents;
			sourceTree = "<group>";
		};
		3F23287617385405005DBF58 /* AwesomeMenu */ = {
			isa = PBXGroup;
			children = (
				3F23287717385405005DBF58 /* AwesomeMenu.h */,
				3F23287817385405005DBF58 /* AwesomeMenu.m */,
				3F23287917385405005DBF58 /* AwesomeMenuItem.h */,
				3F23287A17385405005DBF58 /* AwesomeMenuItem.m */,
			);
			name = AwesomeMenu;
			path = ../submodules/AwesomeMenu/AwesomeMenu/AwesomeMenu;
			sourceTree = "<group>";
		};
		3F23287D17385422005DBF58 /* Menu */ = {
			isa = PBXGroup;
			children = (
				3F9B27DE1741A07900A01680 /* bg-addbutton-share@2x.png */,
				3F9B27DF1741A07B00A01680 /* bg-addbutton-share.png */,
				3F9B273C1739D11D00A01680 /* bg-addbutton-highlighted.png */,
				3F9B273D1739D11D00A01680 /* bg-addbutton-highlighted@2x.png */,
				3F9B27401739D17000A01680 /* bg-addbutton.png */,
				3F9B273A1739CFA200A01680 /* bg-addbutton@2x.png */,
				3F23288217385439005DBF58 /* bg-menuitem-highlighted.png */,
				3F23288317385439005DBF58 /* bg-menuitem-highlighted@2x.png */,
				3F23288417385439005DBF58 /* bg-menuitem.png */,
				3F23288517385439005DBF58 /* bg-menuitem@2x.png */,
				3F9B27D3174188D300A01680 /* icon-share-highlighted@2x.png */,
				3F9B27D4174188D500A01680 /* icon-share-highlighted.png */,
				3F9B27CF174187B000A01680 /* icon-share@2x.png */,
				3F9B27D0174187B200A01680 /* icon-share.png */,
				3F23288617385439005DBF58 /* icon-plus-highlighted.png */,
				3F23288717385439005DBF58 /* icon-plus-highlighted@2x.png */,
				3F9B27421739D21800A01680 /* icon-plus.png */,
				3F9B27431739D21800A01680 /* icon-plus@2x.png */,
				3F9B27041739C11700A01680 /* icon-home.png */,
				3F9B27061739C11700A01680 /* icon-setting.png */,
				3F9B27071739C11700A01680 /* icon-home@2x.png */,
				3F9B27361739C90700A01680 /* icon-new@2x.png */,
				3F9B27341739C8DF00A01680 /* icon-new.png */,
				3F9B270B1739C11700A01680 /* icon-setting@2x.png */,
				3F9B272A1739C6E000A01680 /* icon-signet.png */,
				3F9B272B1739C6E000A01680 /* icon-future.png */,
				3F9B272C1739C6E000A01680 /* icon-list.png */,
				3F9B27201739C4BC00A01680 /* icon-future@2x.png */,
				3F9B27261739C5E000A01680 /* icon-signet@2x.png */,
				3F9B27281739C65700A01680 /* icon-list@2x.png */,
				3F9B278917404FCB00A01680 /* icon-sms@2x.png */,
				3F9B278B1740501600A01680 /* icon-sms.png */,
				3F9B278F1740511700A01680 /* icon-fb.png */,
				3F9B27901740511800A01680 /* icon-fb@2x.png */,
				3F9B27911740511A00A01680 /* icon-twitter@2x.png */,
				3F9B27921740511B00A01680 /* icon-twitter.png */,
				3F9B27931740511D00A01680 /* icon-g+@2x.png */,
				3F9B27941740511E00A01680 /* icon-g+.png */,
				3F9B27951740512000A01680 /* icon-mail@2x.png */,
				3F9B27961740512100A01680 /* icon-mail.png */,
				3F9B27A7174054B000A01680 /* bg-menuitem-fb@2x.png */,
				3F9B27A91740557200A01680 /* bg-menuitem-highlighted-fb@2x.png */,
				3F9B27AB1740566B00A01680 /* bg-menuitem-highlighted-twitter@2x.png */,
				3F9B27AC1740566D00A01680 /* bg-menuitem-twitter@2x.png */,
				3F9B27AF174057BC00A01680 /* bg-menuitem-highlighted-g+@2x.png */,
				3F9B27B0174057BE00A01680 /* bg-menuitem-g+@2x.png */,
				3F9B27B31740588500A01680 /* bg-menuitem-sms@2x.png */,
				3F9B27B41740588700A01680 /* bg-menuitem-highlighted-sms@2x.png */,
				3F9B27B71740598E00A01680 /* bg-menuitem-highlighted-mail@2x.png */,
				3F9B27B81740599000A01680 /* bg-menuitem-mail@2x.png */,
				3F9B27BB17405AA400A01680 /* bg-menuitem-highlighted-mail.png */,
				3F9B27BC17405AA500A01680 /* bg-menuitem-mail.png */,
				3F9B27BD17405AA700A01680 /* bg-menuitem-sms.png */,
				3F9B27BE17405AA900A01680 /* bg-menuitem-highlighted-sms.png */,
				3F9B27BF17405AAA00A01680 /* bg-menuitem-highlighted-g+.png */,
				3F9B27C017405AAC00A01680 /* bg-menuitem-g+.png */,
				3F9B27C117405AAD00A01680 /* bg-menuitem-twitter.png */,
				3F9B27C217405AB000A01680 /* bg-menuitem-highlighted-twitter.png */,
				3F9B27C317405AB100A01680 /* bg-menuitem-highlighted-fb.png */,
				3F9B27C417405AB200A01680 /* bg-menuitem-fb.png */,
			);
			name = Menu;
			sourceTree = "<group>";
		};
		3F23289E1738618C005DBF58 /* PullToRefresh */ = {
			isa = PBXGroup;
			children = (
				3F23289F173861A6005DBF58 /* PullRefreshTableViewController.h */,
				3F2328A0173861A6005DBF58 /* PullRefreshTableViewController.m */,
			);
			name = PullToRefresh;
			sourceTree = "<group>";
		};
		3F24477D14FAC286008687A6 /* Base */ = {
			isa = PBXGroup;
			children = (
				3F6112DF150575A8005F4863 /* MOThumbnailDownloader.h */,
				3F6112E0150575A8005F4863 /* MOThumbnailDownloader.m */,
				3F081CE514FACD1800635C00 /* MOBooks.h */,
				3F081CE614FACD1800635C00 /* MOBooks.m */,
				3F15EB141539811B009996DD /* MONotifications.h */,
				3F15EB151539811B009996DD /* MONotifications.m */,
			);
			name = Base;
			sourceTree = "<group>";
		};
		3F2DC8101511534E00C370C8 /* NSDate */ = {
			isa = PBXGroup;
			children = (
				3F2DC8121511536E00C370C8 /* NSDate.h */,
				3F2DC8131511536E00C370C8 /* NSDate.m */,
			);
			name = NSDate;
			path = ..;
			sourceTree = "<group>";
		};
		3F397E9614E82DDF00EFCC2B = {
			isa = PBXGroup;
			children = (
				3F397EAB14E82DDF00EFCC2B /* Manga Next */,
				3F397EA414E82DDF00EFCC2B /* Frameworks */,
				3F397EA214E82DDF00EFCC2B /* Products */,
				BC596122B7894B56BE047031 /* Pods.xcconfig */,
			);
			sourceTree = "<group>";
		};
		3F397EA214E82DDF00EFCC2B /* Products */ = {
			isa = PBXGroup;
			children = (
				3F397EA114E82DDF00EFCC2B /* Manga Next.app */,
			);
			name = Products;
			sourceTree = "<group>";
		};
		3F397EA414E82DDF00EFCC2B /* Frameworks */ = {
			isa = PBXGroup;
			children = (
				3F9B27E41742E65F00A01680 /* Social.framework */,
				3F9B27E21742E65200A01680 /* Twitter.framework */,
				3FFF644516E6951D00CE7BA1 /* SystemConfiguration.framework */,
				3F1190881698909F00A9E922 /* AudioToolbox.framework */,
				3F98C28715711954001A8572 /* MessageUI.framework */,
				3F10AECA15449CAD00A62596 /* iAd.framework */,
				3F24EC251517D36500EB9922 /* CoreData.framework */,
				3F397EFF14E8380C00EFCC2B /* QuartzCore.framework */,
				3F397EA514E82DDF00EFCC2B /* UIKit.framework */,
				3F397EA714E82DDF00EFCC2B /* Foundation.framework */,
				3F397EA914E82DDF00EFCC2B /* CoreGraphics.framework */,
				492D5A926DA44A1CB233ACF4 /* libPods.a */,
			);
			name = Frameworks;
			sourceTree = "<group>";
		};
		3F397EAB14E82DDF00EFCC2B /* Manga Next */ = {
			isa = PBXGroup;
			children = (
				3F5E6B7C169E106B00DFDA69 /* Manga Next.entitlements */,
				3F63BB9514E876300073E7DC /* Resources */,
				3F878A1015D05FF1003E6835 /* Classes */,
				3F397EB414E82DDF00EFCC2B /* MOAppDelegate.h */,
				3F397EB514E82DDF00EFCC2B /* MOAppDelegate.m */,
				3FA789401524F1EF00188908 /* Categories */,
				3F397EAC14E82DDF00EFCC2B /* Supporting Files */,
			);
			name = "Manga Next";
			path = "Manga Out";
			sourceTree = "<group>";
		};
		3F397EAC14E82DDF00EFCC2B /* Supporting Files */ = {
			isa = PBXGroup;
			children = (
				3FDC73781673AB69005B17C4 /* Migrations */,
				3FC1B4AA152CDDC200409091 /* manga-out.xcdatamodeld */,
				3F397EAD14E82DDF00EFCC2B /* Manga Next-Info.plist */,
				3F397EB114E82DDF00EFCC2B /* main.m */,
				3F397EB314E82DDF00EFCC2B /* Manga Next-Prefix.pch */,
				3F15EB171539989B009996DD /* Settings.bundle */,
				3F0633C415A0F68F00C64697 /* Localizable.strings */,
			);
			name = "Supporting Files";
			sourceTree = "<group>";
		};
		3F48A438162770780013ACCB /* Nothing_You_Could_Do */ = {
			isa = PBXGroup;
			children = (
				3F48A439162770780013ACCB /* NothingYouCouldDo.ttf */,
				3F48A43C162773ED0013ACCB /* NothingYouCouldDoBold.ttf */,
			);
			path = Nothing_You_Could_Do;
			sourceTree = "<group>";
		};
		3F63BB9314E875EA0073E7DC /* Controllers */ = {
			isa = PBXGroup;
			children = (
				3F67D59515211C8200B7F6AA /* MODetailViewController.h */,
				3F67D59615211C8200B7F6AA /* MODetailViewController.m */,
				3F67D59215211BD100B7F6AA /* _MOSignetViewController.h */,
				3F67D59315211BD200B7F6AA /* _MOSignetViewController.m */,
				3F629D2016C98A5D003786E1 /* _MOSubscriptionViewController.h */,
				3F629D2116C98A5D003786E1 /* _MOSubscriptionViewController.m */,
				3FE0BF8316CADB260077AE90 /* MOSubscriptionManagementViewController.h */,
				3FE0BF8416CADB260077AE90 /* MOSubscriptionManagementViewController.m */,
				3F397F1D14E8716500EFCC2B /* _MONavivationViewController.h */,
				3F397F1E14E8716500EFCC2B /* _MONavivationViewController.m */,
				3F397EF014E8316000EFCC2B /* MOTableViewController.h */,
				3F397EF114E8316000EFCC2B /* MOTableViewController.m */,
				3F63BB9014E874620073E7DC /* _MORootController.h */,
				3F63BB9114E874620073E7DC /* _MORootController.m */,
				3F27F92A16937EE000E51C5C /* MONavigationController.h */,
				3F27F92B16937EE000E51C5C /* MONavigationController.m */,
				3F7BF3DD172340B6007E692F /* MOBookViewController.h */,
				3F7BF3DE172340B6007E692F /* MOBookViewController.m */,
				3F2328A41739A4B3005DBF58 /* MOSubscriptionViewController.h */,
				3F2328A51739A4B4005DBF58 /* MOSubscriptionViewController.m */,
				3F9B2770173B074200A01680 /* MOSignetViewController.h */,
				3F9B2771173B074200A01680 /* MOSignetViewController.m */,
				3F9B2776173B0C1400A01680 /* MOHomeViewController.h */,
				3F9B2777173B0C1400A01680 /* MOHomeViewController.m */,
				3F23289A173854A9005DBF58 /* MORootController.h */,
				3F23289B173854A9005DBF58 /* MORootController.m */,
			);
			name = Controllers;
			sourceTree = "<group>";
		};
		3F63BB9414E875FA0073E7DC /* Vendors */ = {
			isa = PBXGroup;
			children = (
				3F23289E1738618C005DBF58 /* PullToRefresh */,
				3F23287617385405005DBF58 /* AwesomeMenu */,
			);
			name = Vendors;
			sourceTree = "<group>";
		};
		3F63BB9514E876300073E7DC /* Resources */ = {
			isa = PBXGroup;
			children = (
				3F23287D17385422005DBF58 /* Menu */,
				3F6B01EB1533778600CDCB74 /* Images */,
				3F7FFD0914EDBF4C00A0E5F4 /* Fonts */,
			);
			path = Resources;
			sourceTree = "<group>";
		};
		3F63BB9614E8766D0073E7DC /* Views */ = {
			isa = PBXGroup;
			children = (
				3F138DB81523AFC200982DA2 /* MOViewCell.h */,
				3F138DB91523AFC200982DA2 /* MOViewCell.m */,
				3F9B27D717418B9B00A01680 /* MOViewDetail.h */,
				3F9B27D817418B9B00A01680 /* MOViewDetail.m */,
			);
			name = Views;
			sourceTree = "<group>";
		};
		3F63BB9714E876820073E7DC /* Models */ = {
			isa = PBXGroup;
			children = (
				3F1F303216B87B4D0098A368 /* Documents */,
				3F24EC381517E92400EB9922 /* Book.h */,
				3F24EC391517E92400EB9922 /* Book.m */,
				3F24EC2E1517D6D200EB9922 /* Signet.h */,
				3F24EC2F1517D6D200EB9922 /* Signet.m */,
				3F24477D14FAC286008687A6 /* Base */,
			);
			name = Models;
			sourceTree = "<group>";
		};
		3F6B01EB1533778600CDCB74 /* Images */ = {
			isa = PBXGroup;
			children = (
				3F9B275A173AF96F00A01680 /* bt-back@2x.png */,
				3F9B275B173AF96F00A01680 /* bt-back.png */,
				3F9B2756173AF6EC00A01680 /* bt-plus@2x.png */,
				3F9B2757173AF6EC00A01680 /* bt-plus.png */,
				3F9B2752173AF68200A01680 /* bt-search@2x.png */,
				3F9B2753173AF68200A01680 /* bt-search.png */,
				3F33533316E23B0B00D50208 /* Default-Landscape~ipad.png */,
				3F33533416E23B0B00D50208 /* Default-Landscape@2x~ipad.png */,
				3F33532216E2399C00D50208 /* Default-Portrait@2x~ipad.png */,
				3F33532316E2399C00D50208 /* Default-Portrait~ipad.png */,
				3FB0A062162AD7910099E437 /* Default-568h@2x.png */,
				3FB0A063162AD7910099E437 /* Default.png */,
				3FB0A064162AD7910099E437 /* Default@2x.png */,
				3FEAB95F162CB94700770B43 /* Placeholder@2x.png */,
				3FEAB960162CB94700770B43 /* Placeholder.png */,
				3F9B274C1739D3AF00A01680 /* BarBackground.png */,
				3F9B275E173AFE7100A01680 /* icn@2x~ipad.png */,
				3F9B275F173AFE7100A01680 /* icn~ipad.png */,
				3F9B2760173AFE7100A01680 /* icn@2x.png */,
				3F9B2761173AFE7100A01680 /* icn.png */,
				3F63BC0514E888790073E7DC /* arrow.png */,
			);
			name = Images;
			sourceTree = "<group>";
		};
		3F7BF3D917233B35007E692F /* Helpers */ = {
			isa = PBXGroup;
			children = (
				3F878A1215D060A3003E6835 /* MOAPIClient.h */,
				3F878A1315D060A3003E6835 /* MOAPIClient.m */,
				3F7BF3DA17233B71007E692F /* MOIncrementalStore.h */,
				3F7BF3DB17233B71007E692F /* MOIncrementalStore.m */,
			);
			name = Helpers;
			sourceTree = "<group>";
		};
		3F7FFD0914EDBF4C00A0E5F4 /* Fonts */ = {
			isa = PBXGroup;
			children = (
				3F48A438162770780013ACCB /* Nothing_You_Could_Do */,
			);
			name = Fonts;
			sourceTree = "<group>";
		};
		3F878A1015D05FF1003E6835 /* Classes */ = {
			isa = PBXGroup;
			children = (
				3F7BF3D917233B35007E692F /* Helpers */,
				3F63BB9314E875EA0073E7DC /* Controllers */,
				3F63BB9714E876820073E7DC /* Models */,
				3F63BB9414E875FA0073E7DC /* Vendors */,
				3F63BB9614E8766D0073E7DC /* Views */,
			);
			name = Classes;
			sourceTree = "<group>";
		};
		3FA789401524F1EF00188908 /* Categories */ = {
			isa = PBXGroup;
			children = (
				3F2DC8101511534E00C370C8 /* NSDate */,
			);
			name = Categories;
			sourceTree = "<group>";
		};
		3FDC73781673AB69005B17C4 /* Migrations */ = {
			isa = PBXGroup;
			children = (
				3FFC25ED174D793500187DC0 /* MigrationV1.xcmappingmodel */,
				3FFC25EB174D782D00187DC0 /* MigrationV2.xcmappingmodel */,
			);
			name = Migrations;
			sourceTree = "<group>";
		};
/* End PBXGroup section */

/* Begin PBXNativeTarget section */
		3F397EA014E82DDF00EFCC2B /* Manga Next */ = {
			isa = PBXNativeTarget;
			buildConfigurationList = 3F397EE214E82DDF00EFCC2B /* Build configuration list for PBXNativeTarget "Manga Next" */;
			buildPhases = (
				3F397E9D14E82DDF00EFCC2B /* Sources */,
				3F397E9E14E82DDF00EFCC2B /* Frameworks */,
				3F397E9F14E82DDF00EFCC2B /* Resources */,
				A142D4453D054FBCBC191F6F /* Copy Pods Resources */,
			);
			buildRules = (
			);
			dependencies = (
			);
			name = "Manga Next";
			productName = "Manga Out";
			productReference = 3F397EA114E82DDF00EFCC2B /* Manga Next.app */;
			productType = "com.apple.product-type.application";
		};
/* End PBXNativeTarget section */

/* Begin PBXProject section */
		3F397E9814E82DDF00EFCC2B /* Project object */ = {
			isa = PBXProject;
			attributes = {
				LastUpgradeCheck = 0460;
				ORGANIZATIONNAME = "Jérémy Chaufourier";
			};
			buildConfigurationList = 3F397E9B14E82DDF00EFCC2B /* Build configuration list for PBXProject "Manga Next" */;
			compatibilityVersion = "Xcode 3.2";
			developmentRegion = English;
			hasScannedForEncodings = 0;
			knownRegions = (
				en,
				"fr-FR",
			);
			mainGroup = 3F397E9614E82DDF00EFCC2B;
			productRefGroup = 3F397EA214E82DDF00EFCC2B /* Products */;
			projectDirPath = "";
			projectRoot = "";
			targets = (
				3F397EA014E82DDF00EFCC2B /* Manga Next */,
			);
		};
/* End PBXProject section */

/* Begin PBXResourcesBuildPhase section */
		3F397E9F14E82DDF00EFCC2B /* Resources */ = {
			isa = PBXResourcesBuildPhase;
			buildActionMask = 2147483647;
			files = (
				3F48A43E1627744A0013ACCB /* NothingYouCouldDoBold.ttf in Resources */,
				3F63BC0614E888790073E7DC /* arrow.png in Resources */,
				3F15EB181539989B009996DD /* Settings.bundle in Resources */,
				3F0633C615A0F68F00C64697 /* Localizable.strings in Resources */,
				3F48A43A162770780013ACCB /* NothingYouCouldDo.ttf in Resources */,
				3FB0A065162AD7910099E437 /* Default-568h@2x.png in Resources */,
				3FB0A066162AD7910099E437 /* Default.png in Resources */,
				3FB0A067162AD7910099E437 /* Default@2x.png in Resources */,
				3FEAB961162CB94700770B43 /* Placeholder@2x.png in Resources */,
				3FEAB962162CB94700770B43 /* Placeholder.png in Resources */,
				3F33532616E2399C00D50208 /* Default-Portrait@2x~ipad.png in Resources */,
				3F33532716E2399C00D50208 /* Default-Portrait~ipad.png in Resources */,
				3F33533516E23B0B00D50208 /* Default-Landscape~ipad.png in Resources */,
				3F33533616E23B0B00D50208 /* Default-Landscape@2x~ipad.png in Resources */,
				3F23289017385439005DBF58 /* bg-menuitem-highlighted.png in Resources */,
				3F23289117385439005DBF58 /* bg-menuitem-highlighted@2x.png in Resources */,
				3F23289217385439005DBF58 /* bg-menuitem.png in Resources */,
				3F23289317385439005DBF58 /* bg-menuitem@2x.png in Resources */,
				3F23289417385439005DBF58 /* icon-plus-highlighted.png in Resources */,
				3F23289517385439005DBF58 /* icon-plus-highlighted@2x.png in Resources */,
				3F9B270E1739C11700A01680 /* icon-home.png in Resources */,
				3F9B27101739C11700A01680 /* icon-setting.png in Resources */,
				3F9B27111739C11700A01680 /* icon-home@2x.png in Resources */,
				3F9B27151739C11700A01680 /* icon-setting@2x.png in Resources */,
				3F9B27211739C4BC00A01680 /* icon-future@2x.png in Resources */,
				3F9B27271739C5E000A01680 /* icon-signet@2x.png in Resources */,
				3F9B27291739C65700A01680 /* icon-list@2x.png in Resources */,
				3F9B272D1739C6E000A01680 /* icon-signet.png in Resources */,
				3F9B272E1739C6E000A01680 /* icon-future.png in Resources */,
				3F9B272F1739C6E000A01680 /* icon-list.png in Resources */,
				3F9B27351739C8DF00A01680 /* icon-new.png in Resources */,
				3F9B27371739C90700A01680 /* icon-new@2x.png in Resources */,
				3F9B273B1739CFA200A01680 /* bg-addbutton@2x.png in Resources */,
				3F9B273E1739D11D00A01680 /* bg-addbutton-highlighted.png in Resources */,
				3F9B273F1739D11D00A01680 /* bg-addbutton-highlighted@2x.png in Resources */,
				3F9B27411739D17000A01680 /* bg-addbutton.png in Resources */,
				3F9B27441739D21900A01680 /* icon-plus.png in Resources */,
				3F9B27451739D21900A01680 /* icon-plus@2x.png in Resources */,
				3F9B274D1739D3AF00A01680 /* BarBackground.png in Resources */,
				3F9B2754173AF68200A01680 /* bt-search@2x.png in Resources */,
				3F9B2755173AF68200A01680 /* bt-search.png in Resources */,
				3F9B2758173AF6EC00A01680 /* bt-plus@2x.png in Resources */,
				3F9B2759173AF6EC00A01680 /* bt-plus.png in Resources */,
				3F9B275C173AF96F00A01680 /* bt-back@2x.png in Resources */,
				3F9B275D173AF96F00A01680 /* bt-back.png in Resources */,
				3F9B2762173AFE7100A01680 /* icn@2x~ipad.png in Resources */,
				3F9B2763173AFE7100A01680 /* icn~ipad.png in Resources */,
				3F9B2764173AFE7100A01680 /* icn@2x.png in Resources */,
				3F9B2765173AFE7100A01680 /* icn.png in Resources */,
				3F9B278A17404FCC00A01680 /* icon-sms@2x.png in Resources */,
				3F9B278D1740501900A01680 /* icon-sms.png in Resources */,
				3F9B27971740512300A01680 /* icon-fb.png in Resources */,
				3F9B27981740512300A01680 /* icon-fb@2x.png in Resources */,
				3F9B27991740512300A01680 /* icon-twitter@2x.png in Resources */,
				3F9B279A1740512300A01680 /* icon-twitter.png in Resources */,
				3F9B279B1740512300A01680 /* icon-g+@2x.png in Resources */,
				3F9B279C1740512300A01680 /* icon-g+.png in Resources */,
				3F9B279D1740512300A01680 /* icon-mail@2x.png in Resources */,
				3F9B279E1740512300A01680 /* icon-mail.png in Resources */,
				3F9B27A8174054B900A01680 /* bg-menuitem-fb@2x.png in Resources */,
				3F9B27AA1740557300A01680 /* bg-menuitem-highlighted-fb@2x.png in Resources */,
				3F9B27AD1740566F00A01680 /* bg-menuitem-highlighted-twitter@2x.png in Resources */,
				3F9B27AE1740566F00A01680 /* bg-menuitem-twitter@2x.png in Resources */,
				3F9B27B1174057BF00A01680 /* bg-menuitem-highlighted-g+@2x.png in Resources */,
				3F9B27B2174057BF00A01680 /* bg-menuitem-g+@2x.png in Resources */,
				3F9B27B51740588800A01680 /* bg-menuitem-sms@2x.png in Resources */,
				3F9B27B61740588800A01680 /* bg-menuitem-highlighted-sms@2x.png in Resources */,
				3F9B27B91740599100A01680 /* bg-menuitem-highlighted-mail@2x.png in Resources */,
				3F9B27BA1740599100A01680 /* bg-menuitem-mail@2x.png in Resources */,
				3F9B27C517405AB700A01680 /* bg-menuitem-highlighted-mail.png in Resources */,
				3F9B27C617405AB700A01680 /* bg-menuitem-mail.png in Resources */,
				3F9B27C717405AB700A01680 /* bg-menuitem-sms.png in Resources */,
				3F9B27C817405AB700A01680 /* bg-menuitem-highlighted-sms.png in Resources */,
				3F9B27C917405AB700A01680 /* bg-menuitem-highlighted-g+.png in Resources */,
				3F9B27CA17405AB700A01680 /* bg-menuitem-g+.png in Resources */,
				3F9B27CB17405AB700A01680 /* bg-menuitem-twitter.png in Resources */,
				3F9B27CC17405AB700A01680 /* bg-menuitem-highlighted-twitter.png in Resources */,
				3F9B27CD17405AB700A01680 /* bg-menuitem-highlighted-fb.png in Resources */,
				3F9B27CE17405AB700A01680 /* bg-menuitem-fb.png in Resources */,
				3F9B27D1174187B500A01680 /* icon-share@2x.png in Resources */,
				3F9B27D2174187B500A01680 /* icon-share.png in Resources */,
				3F9B27D5174188D700A01680 /* icon-share-highlighted@2x.png in Resources */,
				3F9B27D6174188D700A01680 /* icon-share-highlighted.png in Resources */,
				3F9B27E01741A07C00A01680 /* bg-addbutton-share@2x.png in Resources */,
				3F9B27E11741A07C00A01680 /* bg-addbutton-share.png in Resources */,
			);
			runOnlyForDeploymentPostprocessing = 0;
		};
/* End PBXResourcesBuildPhase section */

/* Begin PBXShellScriptBuildPhase section */
		A142D4453D054FBCBC191F6F /* Copy Pods Resources */ = {
			isa = PBXShellScriptBuildPhase;
			buildActionMask = 2147483647;
			files = (
			);
			inputPaths = (
			);
			name = "Copy Pods Resources";
			outputPaths = (
			);
			runOnlyForDeploymentPostprocessing = 0;
			shellPath = /bin/sh;
			shellScript = "\"${SRCROOT}/Pods/Pods-resources.sh\"\n";
		};
/* End PBXShellScriptBuildPhase section */

/* Begin PBXSourcesBuildPhase section */
		3F397E9D14E82DDF00EFCC2B /* Sources */ = {
			isa = PBXSourcesBuildPhase;
			buildActionMask = 2147483647;
			files = (
				3F2328AA1739B28F005DBF58 /* MOSubscriptionManagementViewController.m in Sources */,
				3F2328A91739AD45005DBF58 /* MOSubscriptionDocument.m in Sources */,
				3F23289D1738610E005DBF58 /* MONavigationController.m in Sources */,
				3FDF505A172F255500E7DCD3 /* MODetailViewController.m in Sources */,
				3F7BF3E31725EEA5007E692F /* MOViewCell.m in Sources */,
				3F7BF3E2172363C8007E692F /* MOBookViewController.m in Sources */,
				3F397EB214E82DDF00EFCC2B /* main.m in Sources */,
				3F397EB614E82DDF00EFCC2B /* MOAppDelegate.m in Sources */,
				3F2DC8141511536E00C370C8 /* NSDate.m in Sources */,
				3F24EC301517D6D200EB9922 /* Signet.m in Sources */,
				3F24EC3A1517E92400EB9922 /* Book.m in Sources */,
				3FC1B4AC152CDDC200409091 /* manga-out.xcdatamodeld in Sources */,
				3F878A1415D060A3003E6835 /* MOAPIClient.m in Sources */,
				3F7BF3DC17233B71007E692F /* MOIncrementalStore.m in Sources */,
				3F23287B17385405005DBF58 /* AwesomeMenu.m in Sources */,
				3F23287C17385405005DBF58 /* AwesomeMenuItem.m in Sources */,
				3F23289C173854A9005DBF58 /* MORootController.m in Sources */,
				3F2328A1173861A6005DBF58 /* PullRefreshTableViewController.m in Sources */,
				3F2328A61739A4B7005DBF58 /* MOSubscriptionViewController.m in Sources */,
				3F9B2772173B074300A01680 /* MOSignetViewController.m in Sources */,
				3F9B2778173B0C1500A01680 /* MOHomeViewController.m in Sources */,
				3F9B27D917418B9B00A01680 /* MOViewDetail.m in Sources */,
				3FFC25EC174D782D00187DC0 /* MigrationV2.xcmappingmodel in Sources */,
				3FFC25EE174D793500187DC0 /* MigrationV1.xcmappingmodel in Sources */,
			);
			runOnlyForDeploymentPostprocessing = 0;
		};
/* End PBXSourcesBuildPhase section */

/* Begin PBXVariantGroup section */
		3F0633C415A0F68F00C64697 /* Localizable.strings */ = {
			isa = PBXVariantGroup;
			children = (
				3F0633C515A0F68F00C64697 /* en */,
				3F0633C715A0F97D00C64697 /* fr */,
			);
			name = Localizable.strings;
			sourceTree = "<group>";
		};
/* End PBXVariantGroup section */

/* Begin XCBuildConfiguration section */
		3F09487F1704B2B400BF8CE6 /* Staging */ = {
			isa = XCBuildConfiguration;
			buildSettings = {
				ALWAYS_SEARCH_USER_PATHS = NO;
				ARCHS = "$(ARCHS_STANDARD_32_BIT)";
				CLANG_ENABLE_OBJC_ARC = YES;
				CLANG_WARN_CONSTANT_CONVERSION = YES;
				CLANG_WARN_ENUM_CONVERSION = YES;
				CLANG_WARN_INT_CONVERSION = YES;
				CLANG_WARN__DUPLICATE_METHOD_MATCH = YES;
				CODE_SIGN_IDENTITY = "iPhone Distribution: Jeremy chaufourier";
				"CODE_SIGN_IDENTITY[sdk=iphoneos*]" = "iPhone Distribution: Jeremy chaufourier";
				COMPRESS_PNG_FILES = YES;
				COPY_PHASE_STRIP = YES;
				GCC_C_LANGUAGE_STANDARD = gnu99;
				GCC_VERSION = com.apple.compilers.llvm.clang.1_0;
				GCC_WARN_ABOUT_MISSING_PROTOTYPES = YES;
				GCC_WARN_ABOUT_RETURN_TYPE = YES;
				GCC_WARN_UNINITIALIZED_AUTOS = YES;
				GCC_WARN_UNUSED_VARIABLE = YES;
				IPHONEOS_DEPLOYMENT_TARGET = 5.0;
				OTHER_CFLAGS = "-DNS_BLOCK_ASSERTIONS=1";
				PROVISIONING_PROFILE = "9823D5DC-2EE0-4560-9569-C88CE375EC13";
				"PROVISIONING_PROFILE[sdk=iphoneos*]" = "9823D5DC-2EE0-4560-9569-C88CE375EC13";
				SDKROOT = iphoneos;
				VALIDATE_PRODUCT = NO;
			};
			name = Staging;
		};
		3F0948801704B2B400BF8CE6 /* Staging */ = {
			isa = XCBuildConfiguration;
			baseConfigurationReference = BC596122B7894B56BE047031 /* Pods.xcconfig */;
			buildSettings = {
				ARCHS = (
					armv6,
					armv7,
				);
				CLANG_ENABLE_OBJC_ARC = YES;
				CODE_SIGN_ENTITLEMENTS = "Manga Next.entitlements";
				CODE_SIGN_IDENTITY = "iPhone Distribution: Jeremy chaufourier";
				"CODE_SIGN_IDENTITY[sdk=iphoneos*]" = "iPhone Distribution: Jeremy chaufourier";
				GCC_PRECOMPILE_PREFIX_HEADER = YES;
				GCC_PREFIX_HEADER = "Manga Out/Manga Next-Prefix.pch";
				GCC_THUMB_SUPPORT = NO;
				GCC_VERSION = com.apple.compilers.llvm.clang.1_0;
				GCC_WARN_UNINITIALIZED_AUTOS = NO;
				INFOPLIST_FILE = "Manga Out/Manga Next-Info.plist";
				IPHONEOS_DEPLOYMENT_TARGET = 5.0;
				LIBRARY_SEARCH_PATHS = "$(inherited)";
				PRODUCT_NAME = "Manga Next";
				PROVISIONING_PROFILE = "9823D5DC-2EE0-4560-9569-C88CE375EC13";
				"PROVISIONING_PROFILE[sdk=iphoneos*]" = "9823D5DC-2EE0-4560-9569-C88CE375EC13";
				TARGETED_DEVICE_FAMILY = "1,2";
				WRAPPER_EXTENSION = app;
			};
			name = Staging;
		};
		3F397EE014E82DDF00EFCC2B /* Debug */ = {
			isa = XCBuildConfiguration;
			buildSettings = {
				ALWAYS_SEARCH_USER_PATHS = NO;
				ARCHS = "$(ARCHS_STANDARD_32_BIT)";
				CLANG_ENABLE_OBJC_ARC = YES;
				CLANG_WARN_CONSTANT_CONVERSION = YES;
				CLANG_WARN_ENUM_CONVERSION = YES;
				CLANG_WARN_INT_CONVERSION = YES;
				CLANG_WARN__DUPLICATE_METHOD_MATCH = YES;
				CODE_SIGN_IDENTITY = "iPhone Developer: Jeremy chaufourier (MNG5L3QT7C)";
				"CODE_SIGN_IDENTITY[sdk=iphoneos*]" = "iPhone Developer: Jeremy chaufourier (MNG5L3QT7C)";
				COMPRESS_PNG_FILES = YES;
				COPY_PHASE_STRIP = NO;
				GCC_C_LANGUAGE_STANDARD = gnu99;
				GCC_DYNAMIC_NO_PIC = NO;
				GCC_OPTIMIZATION_LEVEL = 0;
				GCC_PREPROCESSOR_DEFINITIONS = (
					"DEBUG=1",
					"$(inherited)",
				);
				GCC_SYMBOLS_PRIVATE_EXTERN = NO;
				GCC_VERSION = com.apple.compilers.llvm.clang.1_0;
				GCC_WARN_ABOUT_MISSING_PROTOTYPES = YES;
				GCC_WARN_ABOUT_RETURN_TYPE = YES;
				GCC_WARN_UNINITIALIZED_AUTOS = YES;
				GCC_WARN_UNUSED_VARIABLE = YES;
				IPHONEOS_DEPLOYMENT_TARGET = 5.0;
				PROVISIONING_PROFILE = "C6046151-D6D5-446A-97C7-13D01FF4B454";
				"PROVISIONING_PROFILE[sdk=iphoneos*]" = "C6046151-D6D5-446A-97C7-13D01FF4B454";
				SDKROOT = iphoneos;
				VALIDATE_PRODUCT = NO;
			};
			name = Debug;
		};
		3F397EE114E82DDF00EFCC2B /* Release */ = {
			isa = XCBuildConfiguration;
			buildSettings = {
				ALWAYS_SEARCH_USER_PATHS = NO;
				ARCHS = "$(ARCHS_STANDARD_32_BIT)";
				CLANG_ENABLE_OBJC_ARC = YES;
				CLANG_WARN_CONSTANT_CONVERSION = YES;
				CLANG_WARN_ENUM_CONVERSION = YES;
				CLANG_WARN_INT_CONVERSION = YES;
				CLANG_WARN__DUPLICATE_METHOD_MATCH = YES;
				CODE_SIGN_IDENTITY = "iPhone Distribution: Jeremy chaufourier";
				"CODE_SIGN_IDENTITY[sdk=iphoneos*]" = "iPhone Distribution: Jeremy chaufourier";
				COMPRESS_PNG_FILES = YES;
				COPY_PHASE_STRIP = YES;
				GCC_C_LANGUAGE_STANDARD = gnu99;
				GCC_VERSION = com.apple.compilers.llvm.clang.1_0;
				GCC_WARN_ABOUT_MISSING_PROTOTYPES = YES;
				GCC_WARN_ABOUT_RETURN_TYPE = YES;
				GCC_WARN_UNINITIALIZED_AUTOS = YES;
				GCC_WARN_UNUSED_VARIABLE = YES;
				IPHONEOS_DEPLOYMENT_TARGET = 5.0;
				OTHER_CFLAGS = "-DNS_BLOCK_ASSERTIONS=1";
				PROVISIONING_PROFILE = "9594249A-68F9-4498-848B-E0EC0F86E8CD";
				"PROVISIONING_PROFILE[sdk=iphoneos*]" = "9594249A-68F9-4498-848B-E0EC0F86E8CD";
				SDKROOT = iphoneos;
				VALIDATE_PRODUCT = NO;
			};
			name = Release;
		};
		3F397EE314E82DDF00EFCC2B /* Debug */ = {
			isa = XCBuildConfiguration;
			baseConfigurationReference = BC596122B7894B56BE047031 /* Pods.xcconfig */;
			buildSettings = {
				ARCHS = (
					armv6,
					armv7,
				);
				CLANG_ENABLE_OBJC_ARC = YES;
				CODE_SIGN_ENTITLEMENTS = "Manga Next.entitlements";
				CODE_SIGN_IDENTITY = "iPhone Developer: Jeremy chaufourier (MNG5L3QT7C)";
				"CODE_SIGN_IDENTITY[sdk=iphoneos*]" = "iPhone Developer: Jeremy chaufourier (MNG5L3QT7C)";
				COPY_PHASE_STRIP = NO;
				GCC_PRECOMPILE_PREFIX_HEADER = YES;
				GCC_PREFIX_HEADER = "Manga Out/Manga Next-Prefix.pch";
				GCC_THUMB_SUPPORT = NO;
				GCC_VERSION = com.apple.compilers.llvm.clang.1_0;
				GCC_WARN_UNINITIALIZED_AUTOS = NO;
				INFOPLIST_FILE = "Manga Out/Manga Next-Info.plist";
				IPHONEOS_DEPLOYMENT_TARGET = 5.0;
				LIBRARY_SEARCH_PATHS = "$(inherited)";
				PRODUCT_NAME = "Manga Next";
				PROVISIONING_PROFILE = "C6046151-D6D5-446A-97C7-13D01FF4B454";
				"PROVISIONING_PROFILE[sdk=iphoneos*]" = "C6046151-D6D5-446A-97C7-13D01FF4B454";
				TARGETED_DEVICE_FAMILY = "1,2";
				WRAPPER_EXTENSION = app;
			};
			name = Debug;
		};
		3F397EE414E82DDF00EFCC2B /* Release */ = {
			isa = XCBuildConfiguration;
			baseConfigurationReference = BC596122B7894B56BE047031 /* Pods.xcconfig */;
			buildSettings = {
				ARCHS = (
					armv6,
					armv7,
				);
				CLANG_ENABLE_OBJC_ARC = YES;
				CODE_SIGN_ENTITLEMENTS = "Manga Next.entitlements";
				CODE_SIGN_IDENTITY = "iPhone Distribution: Jeremy chaufourier";
				"CODE_SIGN_IDENTITY[sdk=iphoneos*]" = "iPhone Distribution: Jeremy chaufourier";
				GCC_PRECOMPILE_PREFIX_HEADER = YES;
				GCC_PREFIX_HEADER = "Manga Out/Manga Next-Prefix.pch";
				GCC_THUMB_SUPPORT = NO;
				GCC_VERSION = com.apple.compilers.llvm.clang.1_0;
				GCC_WARN_UNINITIALIZED_AUTOS = NO;
				INFOPLIST_FILE = "Manga Out/Manga Next-Info.plist";
				IPHONEOS_DEPLOYMENT_TARGET = 5.0;
				LIBRARY_SEARCH_PATHS = "$(inherited)";
				PRODUCT_NAME = "Manga Next";
				PROVISIONING_PROFILE = "9594249A-68F9-4498-848B-E0EC0F86E8CD";
				"PROVISIONING_PROFILE[sdk=iphoneos*]" = "9594249A-68F9-4498-848B-E0EC0F86E8CD";
				TARGETED_DEVICE_FAMILY = "1,2";
				WRAPPER_EXTENSION = app;
			};
			name = Release;
		};
/* End XCBuildConfiguration section */

/* Begin XCConfigurationList section */
		3F397E9B14E82DDF00EFCC2B /* Build configuration list for PBXProject "Manga Next" */ = {
			isa = XCConfigurationList;
			buildConfigurations = (
				3F397EE014E82DDF00EFCC2B /* Debug */,
				3F397EE114E82DDF00EFCC2B /* Release */,
				3F09487F1704B2B400BF8CE6 /* Staging */,
			);
			defaultConfigurationIsVisible = 0;
			defaultConfigurationName = Release;
		};
		3F397EE214E82DDF00EFCC2B /* Build configuration list for PBXNativeTarget "Manga Next" */ = {
			isa = XCConfigurationList;
			buildConfigurations = (
				3F397EE314E82DDF00EFCC2B /* Debug */,
				3F397EE414E82DDF00EFCC2B /* Release */,
				3F0948801704B2B400BF8CE6 /* Staging */,
			);
			defaultConfigurationIsVisible = 0;
			defaultConfigurationName = Release;
		};
/* End XCConfigurationList section */

/* Begin XCVersionGroup section */
		3FC1B4AA152CDDC200409091 /* manga-out.xcdatamodeld */ = {
			isa = XCVersionGroup;
			children = (
				3FFC25E0174D669300187DC0 /* manga-out 3.xcdatamodel */,
				3FDC737A1673ACE0005B17C4 /* manga-out 2.xcdatamodel */,
				3FC1B4AB152CDDC200409091 /* manga-out.xcdatamodel */,
			);
			currentVersion = 3FFC25E0174D669300187DC0 /* manga-out 3.xcdatamodel */;
			path = "manga-out.xcdatamodeld";
			sourceTree = "<group>";
			versionGroupType = wrapper.xcdatamodel;
		};
/* End XCVersionGroup section */
	};
	rootObject = 3F397E9814E82DDF00EFCC2B /* Project object */;
}
